// !$*UTF8*$!
{
	archiveVersion = 1;
	classes = {
	};
	objectVersion = 56;
	objects = {

/* Begin PBXBuildFile section */
		16B97CD42C4BEB0900D8B453 /* AppDelegate.swift in Sources */ = {isa = PBXBuildFile; fileRef = 16B97CD32C4BEB0900D8B453 /* AppDelegate.swift */; };
		16B97CD62C4BEB0900D8B453 /* SceneDelegate.swift in Sources */ = {isa = PBXBuildFile; fileRef = 16B97CD52C4BEB0900D8B453 /* SceneDelegate.swift */; };
		16B97CD82C4BEB0900D8B453 /* ViewController.swift in Sources */ = {isa = PBXBuildFile; fileRef = 16B97CD72C4BEB0900D8B453 /* ViewController.swift */; };
		16B97CDD2C4BEB0A00D8B453 /* Assets.xcassets in Resources */ = {isa = PBXBuildFile; fileRef = 16B97CDC2C4BEB0A00D8B453 /* Assets.xcassets */; };
		16B97CE02C4BEB0A00D8B453 /* Base in Resources */ = {isa = PBXBuildFile; fileRef = 16B97CDF2C4BEB0A00D8B453 /* Base */; };
		16B97CE92C4BF29F00D8B453 /* SecondScreenViewController.swift in Sources */ = {isa = PBXBuildFile; fileRef = 16B97CE82C4BF29F00D8B453 /* SecondScreenViewController.swift */; };
		16B97CEC2C4BF37E00D8B453 /* Constant.swift in Sources */ = {isa = PBXBuildFile; fileRef = 16B97CEB2C4BF37E00D8B453 /* Constant.swift */; };
/* End PBXBuildFile section */

/* Begin PBXFileReference section */
		16B97CD02C4BEB0900D8B453 /* Drink-EG.app */ = {isa = PBXFileReference; explicitFileType = wrapper.application; includeInIndex = 0; path = "Drink-EG.app"; sourceTree = BUILT_PRODUCTS_DIR; };
		16B97CD32C4BEB0900D8B453 /* AppDelegate.swift */ = {isa = PBXFileReference; lastKnownFileType = sourcecode.swift; path = AppDelegate.swift; sourceTree = "<group>"; };
		16B97CD52C4BEB0900D8B453 /* SceneDelegate.swift */ = {isa = PBXFileReference; lastKnownFileType = sourcecode.swift; path = SceneDelegate.swift; sourceTree = "<group>"; };
		16B97CD72C4BEB0900D8B453 /* ViewController.swift */ = {isa = PBXFileReference; lastKnownFileType = sourcecode.swift; path = ViewController.swift; sourceTree = "<group>"; };
		16B97CDC2C4BEB0A00D8B453 /* Assets.xcassets */ = {isa = PBXFileReference; lastKnownFileType = folder.assetcatalog; path = Assets.xcassets; sourceTree = "<group>"; };
		16B97CDF2C4BEB0A00D8B453 /* Base */ = {isa = PBXFileReference; lastKnownFileType = file.storyboard; name = Base; path = Base.lproj/LaunchScreen.storyboard; sourceTree = "<group>"; };
		16B97CE12C4BEB0A00D8B453 /* Info.plist */ = {isa = PBXFileReference; lastKnownFileType = text.plist.xml; path = Info.plist; sourceTree = "<group>"; };
		16B97CE82C4BF29F00D8B453 /* SecondScreenViewController.swift */ = {isa = PBXFileReference; lastKnownFileType = sourcecode.swift; path = SecondScreenViewController.swift; sourceTree = "<group>"; };
		16B97CEB2C4BF37E00D8B453 /* Constant.swift */ = {isa = PBXFileReference; lastKnownFileType = sourcecode.swift; path = Constant.swift; sourceTree = "<group>"; };
/* End PBXFileReference section */

/* Begin PBXFrameworksBuildPhase section */
		16B97CCD2C4BEB0900D8B453 /* Frameworks */ = {
			isa = PBXFrameworksBuildPhase;
			buildActionMask = 2147483647;
			files = (
			);
			runOnlyForDeploymentPostprocessing = 0;
		};
/* End PBXFrameworksBuildPhase section */

/* Begin PBXGroup section */
		16B97CC72C4BEB0900D8B453 = {
			isa = PBXGroup;
			children = (
				16B97CD22C4BEB0900D8B453 /* Drink-EG */,
				16B97CD12C4BEB0900D8B453 /* Products */,
			);
			sourceTree = "<group>";
		};
		16B97CD12C4BEB0900D8B453 /* Products */ = {
			isa = PBXGroup;
			children = (
				16B97CD02C4BEB0900D8B453 /* Drink-EG.app */,
			);
			name = Products;
			sourceTree = "<group>";
		};
		16B97CD22C4BEB0900D8B453 /* Drink-EG */ = {
			isa = PBXGroup;
			children = (
				16B97CEA2C4BF36300D8B453 /* Resources */,
				16B97CF02C4BF3F100D8B453 /* Sources */,
				16B97CDE2C4BEB0A00D8B453 /* LaunchScreen.storyboard */,
				16B97CE12C4BEB0A00D8B453 /* Info.plist */,
			);
			path = "Drink-EG";
			sourceTree = "<group>";
		};
		16B97CEA2C4BF36300D8B453 /* Resources */ = {
			isa = PBXGroup;
			children = (
				16B97CD52C4BEB0900D8B453 /* SceneDelegate.swift */,
				16B97CD32C4BEB0900D8B453 /* AppDelegate.swift */,
				16B97CDC2C4BEB0A00D8B453 /* Assets.xcassets */,
				16B97CEB2C4BF37E00D8B453 /* Constant.swift */,
				16B97CEF2C4BF3E400D8B453 /* APIs */,
				16B97CED2C4BF3B700D8B453 /* Extensions */,
				16B97CEE2C4BF3D200D8B453 /* Fonts */,
			);
			path = Resources;
			sourceTree = "<group>";
		};
		16B97CED2C4BF3B700D8B453 /* Extensions */ = {
			isa = PBXGroup;
			children = (
			);
			path = Extensions;
			sourceTree = "<group>";
		};
		16B97CEE2C4BF3D200D8B453 /* Fonts */ = {
			isa = PBXGroup;
			children = (
			);
			path = Fonts;
			sourceTree = "<group>";
		};
		16B97CEF2C4BF3E400D8B453 /* APIs */ = {
			isa = PBXGroup;
			children = (
			);
			path = APIs;
			sourceTree = "<group>";
		};
		16B97CF02C4BF3F100D8B453 /* Sources */ = {
			isa = PBXGroup;
			children = (
				16B97CF42C4BF40900D8B453 /* Cells */,
				16B97CF32C4BF40100D8B453 /* Protocols */,
				16B97CF22C4BF3FC00D8B453 /* Models */,
				16B97CF12C4BF3F700D8B453 /* VCs */,
			);
			path = Sources;
			sourceTree = "<group>";
		};
		16B97CF12C4BF3F700D8B453 /* VCs */ = {
			isa = PBXGroup;
			children = (
				16B97CD72C4BEB0900D8B453 /* ViewController.swift */,
				16B97CE82C4BF29F00D8B453 /* SecondScreenViewController.swift */,
			);
			path = VCs;
			sourceTree = "<group>";
		};
		16B97CF22C4BF3FC00D8B453 /* Models */ = {
			isa = PBXGroup;
			children = (
			);
			path = Models;
			sourceTree = "<group>";
		};
		16B97CF32C4BF40100D8B453 /* Protocols */ = {
			isa = PBXGroup;
			children = (
			);
			path = Protocols;
			sourceTree = "<group>";
		};
		16B97CF42C4BF40900D8B453 /* Cells */ = {
			isa = PBXGroup;
			children = (
			);
			path = Cells;
			sourceTree = "<group>";
		};
/* End PBXGroup section */

/* Begin PBXNativeTarget section */
		16B97CCF2C4BEB0900D8B453 /* Drink-EG */ = {
			isa = PBXNativeTarget;
			buildConfigurationList = 16B97CE42C4BEB0A00D8B453 /* Build configuration list for PBXNativeTarget "Drink-EG" */;
			buildPhases = (
				16B97CCC2C4BEB0900D8B453 /* Sources */,
				16B97CCD2C4BEB0900D8B453 /* Frameworks */,
				16B97CCE2C4BEB0900D8B453 /* Resources */,
			);
			buildRules = (
			);
			dependencies = (
			);
			name = "Drink-EG";
			productName = "Drink-EG";
			productReference = 16B97CD02C4BEB0900D8B453 /* Drink-EG.app */;
			productType = "com.apple.product-type.application";
		};
/* End PBXNativeTarget section */

/* Begin PBXProject section */
		16B97CC82C4BEB0900D8B453 /* Project object */ = {
			isa = PBXProject;
			attributes = {
				BuildIndependentTargetsInParallel = 1;
				LastSwiftUpdateCheck = 1540;
				LastUpgradeCheck = 1540;
				TargetAttributes = {
					16B97CCF2C4BEB0900D8B453 = {
						CreatedOnToolsVersion = 15.4;
					};
				};
			};
			buildConfigurationList = 16B97CCB2C4BEB0900D8B453 /* Build configuration list for PBXProject "Drink-EG" */;
			compatibilityVersion = "Xcode 14.0";
			developmentRegion = en;
			hasScannedForEncodings = 0;
			knownRegions = (
				en,
				Base,
			);
			mainGroup = 16B97CC72C4BEB0900D8B453;
			productRefGroup = 16B97CD12C4BEB0900D8B453 /* Products */;
			projectDirPath = "";
			projectRoot = "";
			targets = (
				16B97CCF2C4BEB0900D8B453 /* Drink-EG */,
			);
		};
/* End PBXProject section */

/* Begin PBXResourcesBuildPhase section */
		16B97CCE2C4BEB0900D8B453 /* Resources */ = {
			isa = PBXResourcesBuildPhase;
			buildActionMask = 2147483647;
			files = (
				16B97CDD2C4BEB0A00D8B453 /* Assets.xcassets in Resources */,
				16B97CE02C4BEB0A00D8B453 /* Base in Resources */,
			);
			runOnlyForDeploymentPostprocessing = 0;
		};
/* End PBXResourcesBuildPhase section */

/* Begin PBXSourcesBuildPhase section */
		16B97CCC2C4BEB0900D8B453 /* Sources */ = {
			isa = PBXSourcesBuildPhase;
			buildActionMask = 2147483647;
			files = (
				16B97CE92C4BF29F00D8B453 /* SecondScreenViewController.swift in Sources */,
				16B97CD82C4BEB0900D8B453 /* ViewController.swift in Sources */,
				16B97CEC2C4BF37E00D8B453 /* Constant.swift in Sources */,
				16B97CD42C4BEB0900D8B453 /* AppDelegate.swift in Sources */,
				16B97CD62C4BEB0900D8B453 /* SceneDelegate.swift in Sources */,
			);
			runOnlyForDeploymentPostprocessing = 0;
		};
/* End PBXSourcesBuildPhase section */

/* Begin PBXVariantGroup section */
		16B97CDE2C4BEB0A00D8B453 /* LaunchScreen.storyboard */ = {
			isa = PBXVariantGroup;
			children = (
				16B97CDF2C4BEB0A00D8B453 /* Base */,
			);
			name = LaunchScreen.storyboard;
			sourceTree = "<group>";
		};
/* End PBXVariantGroup section */

/* Begin XCBuildConfiguration section */
		16B97CE22C4BEB0A00D8B453 /* Debug */ = {
			isa = XCBuildConfiguration;
			buildSettings = {
				ALWAYS_SEARCH_USER_PATHS = NO;
				ASSETCATALOG_COMPILER_GENERATE_SWIFT_ASSET_SYMBOL_EXTENSIONS = YES;
				CLANG_ANALYZER_NONNULL = YES;
				CLANG_ANALYZER_NUMBER_OBJECT_CONVERSION = YES_AGGRESSIVE;
				CLANG_CXX_LANGUAGE_STANDARD = "gnu++20";
				CLANG_ENABLE_MODULES = YES;
				CLANG_ENABLE_OBJC_ARC = YES;
				CLANG_ENABLE_OBJC_WEAK = YES;
				CLANG_WARN_BLOCK_CAPTURE_AUTORELEASING = YES;
				CLANG_WARN_BOOL_CONVERSION = YES;
				CLANG_WARN_COMMA = YES;
				CLANG_WARN_CONSTANT_CONVERSION = YES;
				CLANG_WARN_DEPRECATED_OBJC_IMPLEMENTATIONS = YES;
				CLANG_WARN_DIRECT_OBJC_ISA_USAGE = YES_ERROR;
				CLANG_WARN_DOCUMENTATION_COMMENTS = YES;
				CLANG_WARN_EMPTY_BODY = YES;
				CLANG_WARN_ENUM_CONVERSION = YES;
				CLANG_WARN_INFINITE_RECURSION = YES;
				CLANG_WARN_INT_CONVERSION = YES;
				CLANG_WARN_NON_LITERAL_NULL_CONVERSION = YES;
				CLANG_WARN_OBJC_IMPLICIT_RETAIN_SELF = YES;
				CLANG_WARN_OBJC_LITERAL_CONVERSION = YES;
				CLANG_WARN_OBJC_ROOT_CLASS = YES_ERROR;
				CLANG_WARN_QUOTED_INCLUDE_IN_FRAMEWORK_HEADER = YES;
				CLANG_WARN_RANGE_LOOP_ANALYSIS = YES;
				CLANG_WARN_STRICT_PROTOTYPES = YES;
				CLANG_WARN_SUSPICIOUS_MOVE = YES;
				CLANG_WARN_UNGUARDED_AVAILABILITY = YES_AGGRESSIVE;
				CLANG_WARN_UNREACHABLE_CODE = YES;
				CLANG_WARN__DUPLICATE_METHOD_MATCH = YES;
				COPY_PHASE_STRIP = NO;
				DEBUG_INFORMATION_FORMAT = dwarf;
				ENABLE_STRICT_OBJC_MSGSEND = YES;
				ENABLE_TESTABILITY = YES;
				ENABLE_USER_SCRIPT_SANDBOXING = YES;
				GCC_C_LANGUAGE_STANDARD = gnu17;
				GCC_DYNAMIC_NO_PIC = NO;
				GCC_NO_COMMON_BLOCKS = YES;
				GCC_OPTIMIZATION_LEVEL = 0;
				GCC_PREPROCESSOR_DEFINITIONS = (
					"DEBUG=1",
					"$(inherited)",
				);
				GCC_WARN_64_TO_32_BIT_CONVERSION = YES;
				GCC_WARN_ABOUT_RETURN_TYPE = YES_ERROR;
				GCC_WARN_UNDECLARED_SELECTOR = YES;
				GCC_WARN_UNINITIALIZED_AUTOS = YES_AGGRESSIVE;
				GCC_WARN_UNUSED_FUNCTION = YES;
				GCC_WARN_UNUSED_VARIABLE = YES;
				IPHONEOS_DEPLOYMENT_TARGET = 17.5;
				LOCALIZATION_PREFERS_STRING_CATALOGS = YES;
				MTL_ENABLE_DEBUG_INFO = INCLUDE_SOURCE;
				MTL_FAST_MATH = YES;
				ONLY_ACTIVE_ARCH = YES;
				SDKROOT = iphoneos;
				SWIFT_ACTIVE_COMPILATION_CONDITIONS = "DEBUG $(inherited)";
				SWIFT_OPTIMIZATION_LEVEL = "-Onone";
			};
			name = Debug;
		};
		16B97CE32C4BEB0A00D8B453 /* Release */ = {
			isa = XCBuildConfiguration;
			buildSettings = {
				ALWAYS_SEARCH_USER_PATHS = NO;
				ASSETCATALOG_COMPILER_GENERATE_SWIFT_ASSET_SYMBOL_EXTENSIONS = YES;
				CLANG_ANALYZER_NONNULL = YES;
				CLANG_ANALYZER_NUMBER_OBJECT_CONVERSION = YES_AGGRESSIVE;
				CLANG_CXX_LANGUAGE_STANDARD = "gnu++20";
				CLANG_ENABLE_MODULES = YES;
				CLANG_ENABLE_OBJC_ARC = YES;
				CLANG_ENABLE_OBJC_WEAK = YES;
				CLANG_WARN_BLOCK_CAPTURE_AUTORELEASING = YES;
				CLANG_WARN_BOOL_CONVERSION = YES;
				CLANG_WARN_COMMA = YES;
				CLANG_WARN_CONSTANT_CONVERSION = YES;
				CLANG_WARN_DEPRECATED_OBJC_IMPLEMENTATIONS = YES;
				CLANG_WARN_DIRECT_OBJC_ISA_USAGE = YES_ERROR;
				CLANG_WARN_DOCUMENTATION_COMMENTS = YES;
				CLANG_WARN_EMPTY_BODY = YES;
				CLANG_WARN_ENUM_CONVERSION = YES;
				CLANG_WARN_INFINITE_RECURSION = YES;
				CLANG_WARN_INT_CONVERSION = YES;
				CLANG_WARN_NON_LITERAL_NULL_CONVERSION = YES;
				CLANG_WARN_OBJC_IMPLICIT_RETAIN_SELF = YES;
				CLANG_WARN_OBJC_LITERAL_CONVERSION = YES;
				CLANG_WARN_OBJC_ROOT_CLASS = YES_ERROR;
				CLANG_WARN_QUOTED_INCLUDE_IN_FRAMEWORK_HEADER = YES;
				CLANG_WARN_RANGE_LOOP_ANALYSIS = YES;
				CLANG_WARN_STRICT_PROTOTYPES = YES;
				CLANG_WARN_SUSPICIOUS_MOVE = YES;
				CLANG_WARN_UNGUARDED_AVAILABILITY = YES_AGGRESSIVE;
				CLANG_WARN_UNREACHABLE_CODE = YES;
				CLANG_WARN__DUPLICATE_METHOD_MATCH = YES;
				COPY_PHASE_STRIP = NO;
				DEBUG_INFORMATION_FORMAT = "dwarf-with-dsym";
				ENABLE_NS_ASSERTIONS = NO;
				ENABLE_STRICT_OBJC_MSGSEND = YES;
				ENABLE_USER_SCRIPT_SANDBOXING = YES;
				GCC_C_LANGUAGE_STANDARD = gnu17;
				GCC_NO_COMMON_BLOCKS = YES;
				GCC_WARN_64_TO_32_BIT_CONVERSION = YES;
				GCC_WARN_ABOUT_RETURN_TYPE = YES_ERROR;
				GCC_WARN_UNDECLARED_SELECTOR = YES;
				GCC_WARN_UNINITIALIZED_AUTOS = YES_AGGRESSIVE;
				GCC_WARN_UNUSED_FUNCTION = YES;
				GCC_WARN_UNUSED_VARIABLE = YES;
				IPHONEOS_DEPLOYMENT_TARGET = 17.5;
				LOCALIZATION_PREFERS_STRING_CATALOGS = YES;
				MTL_ENABLE_DEBUG_INFO = NO;
				MTL_FAST_MATH = YES;
				SDKROOT = iphoneos;
				SWIFT_COMPILATION_MODE = wholemodule;
				VALIDATE_PRODUCT = YES;
			};
			name = Release;
		};
		16B97CE52C4BEB0A00D8B453 /* Debug */ = {
			isa = XCBuildConfiguration;
			buildSettings = {
				ASSETCATALOG_COMPILER_APPICON_NAME = AppIcon;
				ASSETCATALOG_COMPILER_GLOBAL_ACCENT_COLOR_NAME = AccentColor;
				CODE_SIGN_STYLE = Automatic;
				CURRENT_PROJECT_VERSION = 1;
				DEVELOPMENT_TEAM = 83K577A944;
				GENERATE_INFOPLIST_FILE = YES;
				INFOPLIST_FILE = "Drink-EG/Info.plist";
				INFOPLIST_KEY_UIApplicationSupportsIndirectInputEvents = YES;
				INFOPLIST_KEY_UILaunchStoryboardName = LaunchScreen;
				INFOPLIST_KEY_UISupportedInterfaceOrientations_iPad = "UIInterfaceOrientationPortrait UIInterfaceOrientationPortraitUpsideDown UIInterfaceOrientationLandscapeLeft UIInterfaceOrientationLandscapeRight";
				INFOPLIST_KEY_UISupportedInterfaceOrientations_iPhone = "UIInterfaceOrientationPortrait UIInterfaceOrientationLandscapeLeft UIInterfaceOrientationLandscapeRight";
				LD_RUNPATH_SEARCH_PATHS = (
					"$(inherited)",
					"@executable_path/Frameworks",
				);
				MARKETING_VERSION = 1.0;
				PRODUCT_BUNDLE_IDENTIFIER = "doyeonkim.Drink-EG";
				PRODUCT_NAME = "$(TARGET_NAME)";
				SWIFT_EMIT_LOC_STRINGS = YES;
				SWIFT_VERSION = 5.0;
				TARGETED_DEVICE_FAMILY = "1,2";
			};
			name = Debug;
		};
		16B97CE62C4BEB0A00D8B453 /* Release */ = {
			isa = XCBuildConfiguration;
			buildSettings = {
				ASSETCATALOG_COMPILER_APPICON_NAME = AppIcon;
				ASSETCATALOG_COMPILER_GLOBAL_ACCENT_COLOR_NAME = AccentColor;
				CODE_SIGN_STYLE = Automatic;
				CURRENT_PROJECT_VERSION = 1;
				DEVELOPMENT_TEAM = 83K577A944;
				GENERATE_INFOPLIST_FILE = YES;
				INFOPLIST_FILE = "Drink-EG/Info.plist";
				INFOPLIST_KEY_UIApplicationSupportsIndirectInputEvents = YES;
				INFOPLIST_KEY_UILaunchStoryboardName = LaunchScreen;
				INFOPLIST_KEY_UISupportedInterfaceOrientations_iPad = "UIInterfaceOrientationPortrait UIInterfaceOrientationPortraitUpsideDown UIInterfaceOrientationLandscapeLeft UIInterfaceOrientationLandscapeRight";
				INFOPLIST_KEY_UISupportedInterfaceOrientations_iPhone = "UIInterfaceOrientationPortrait UIInterfaceOrientationLandscapeLeft UIInterfaceOrientationLandscapeRight";
				LD_RUNPATH_SEARCH_PATHS = (
					"$(inherited)",
					"@executable_path/Frameworks",
				);
				MARKETING_VERSION = 1.0;
				PRODUCT_BUNDLE_IDENTIFIER = "doyeonkim.Drink-EG";
				PRODUCT_NAME = "$(TARGET_NAME)";
				SWIFT_EMIT_LOC_STRINGS = YES;
				SWIFT_VERSION = 5.0;
				TARGETED_DEVICE_FAMILY = "1,2";
			};
			name = Release;
		};
/* End XCBuildConfiguration section */

/* Begin XCConfigurationList section */
		16B97CCB2C4BEB0900D8B453 /* Build configuration list for PBXProject "Drink-EG" */ = {
			isa = XCConfigurationList;
			buildConfigurations = (
				16B97CE22C4BEB0A00D8B453 /* Debug */,
				16B97CE32C4BEB0A00D8B453 /* Release */,
			);
			defaultConfigurationIsVisible = 0;
			defaultConfigurationName = Release;
		};
		16B97CE42C4BEB0A00D8B453 /* Build configuration list for PBXNativeTarget "Drink-EG" */ = {
			isa = XCConfigurationList;
			buildConfigurations = (
				16B97CE52C4BEB0A00D8B453 /* Debug */,
				16B97CE62C4BEB0A00D8B453 /* Release */,
			);
			defaultConfigurationIsVisible = 0;
			defaultConfigurationName = Release;
		};
/* End XCConfigurationList section */
	};
	rootObject = 16B97CC82C4BEB0900D8B453 /* Project object */;
}
