// !$*UTF8*$!
{
	archiveVersion = 1;
	classes = {
	};
	objectVersion = 56;
	objects = {

/* Begin PBXBuildFile section */
		16B97CD42C4BEB0900D8B453 /* AppDelegate.swift in Sources */ = {isa = PBXBuildFile; fileRef = 16B97CD32C4BEB0900D8B453 /* AppDelegate.swift */; };
		16B97CD62C4BEB0900D8B453 /* SceneDelegate.swift in Sources */ = {isa = PBXBuildFile; fileRef = 16B97CD52C4BEB0900D8B453 /* SceneDelegate.swift */; };
		16B97CD82C4BEB0900D8B453 /* ViewController.swift in Sources */ = {isa = PBXBuildFile; fileRef = 16B97CD72C4BEB0900D8B453 /* ViewController.swift */; };
		16B97CDD2C4BEB0A00D8B453 /* Assets.xcassets in Resources */ = {isa = PBXBuildFile; fileRef = 16B97CDC2C4BEB0A00D8B453 /* Assets.xcassets */; };
		16B97CE02C4BEB0A00D8B453 /* Base in Resources */ = {isa = PBXBuildFile; fileRef = 16B97CDF2C4BEB0A00D8B453 /* Base */; };
		16B97CE92C4BF29F00D8B453 /* SecondScreenViewController.swift in Sources */ = {isa = PBXBuildFile; fileRef = 16B97CE82C4BF29F00D8B453 /* SecondScreenViewController.swift */; };
		16B97CEC2C4BF37E00D8B453 /* Constant.swift in Sources */ = {isa = PBXBuildFile; fileRef = 16B97CEB2C4BF37E00D8B453 /* Constant.swift */; };
		16B97CFE2C4BFC2300D8B453 /* HomeViewController.swift in Sources */ = {isa = PBXBuildFile; fileRef = 16B97CFD2C4BFC2300D8B453 /* HomeViewController.swift */; };
		16B97D002C4BFC7300D8B453 /* ShoppingCartListViewController.swift in Sources */ = {isa = PBXBuildFile; fileRef = 16B97CFF2C4BFC7300D8B453 /* ShoppingCartListViewController.swift */; };
		16B97D022C4BFC9800D8B453 /* SearchHomeViewController.swift in Sources */ = {isa = PBXBuildFile; fileRef = 16B97D012C4BFC9800D8B453 /* SearchHomeViewController.swift */; };
		16B97D042C4C0CD700D8B453 /* WineInfoViewController.swift in Sources */ = {isa = PBXBuildFile; fileRef = 16B97D032C4C0CD700D8B453 /* WineInfoViewController.swift */; };
		16B97D062C4C0CF800D8B453 /* WineStoreListViewController.swift in Sources */ = {isa = PBXBuildFile; fileRef = 16B97D052C4C0CF800D8B453 /* WineStoreListViewController.swift */; };
		16B97D082C4C0D8100D8B453 /* WineOrderViewController.swift in Sources */ = {isa = PBXBuildFile; fileRef = 16B97D072C4C0D8100D8B453 /* WineOrderViewController.swift */; };
		16B97D0A2C4C0D8F00D8B453 /* NoteListViewController.swift in Sources */ = {isa = PBXBuildFile; fileRef = 16B97D092C4C0D8F00D8B453 /* NoteListViewController.swift */; };
		16B97D0C2C4C0DAA00D8B453 /* AddNewNoteViewController.swift in Sources */ = {isa = PBXBuildFile; fileRef = 16B97D0B2C4C0DAA00D8B453 /* AddNewNoteViewController.swift */; };
		16B97D0E2C4C0E6300D8B453 /* WriteNoteViewController.swift in Sources */ = {isa = PBXBuildFile; fileRef = 16B97D0D2C4C0E6300D8B453 /* WriteNoteViewController.swift */; };
		16B97D102C4C0E9000D8B453 /* NoteInfoViewController.swift in Sources */ = {isa = PBXBuildFile; fileRef = 16B97D0F2C4C0E9000D8B453 /* NoteInfoViewController.swift */; };
		16B97D122C4C0F2400D8B453 /* WineClassMainViewController.swift in Sources */ = {isa = PBXBuildFile; fileRef = 16B97D112C4C0F2400D8B453 /* WineClassMainViewController.swift */; };
		16B97D142C4C0F4100D8B453 /* ClassVideoViewController.swift in Sources */ = {isa = PBXBuildFile; fileRef = 16B97D132C4C0F4100D8B453 /* ClassVideoViewController.swift */; };
		16B97D162C4C0F6400D8B453 /* SavingVideoViewController.swift in Sources */ = {isa = PBXBuildFile; fileRef = 16B97D152C4C0F6400D8B453 /* SavingVideoViewController.swift */; };
		16B97D182C4C0F6E00D8B453 /* SearchVideoViewController.swift in Sources */ = {isa = PBXBuildFile; fileRef = 16B97D172C4C0F6E00D8B453 /* SearchVideoViewController.swift */; };
		16B97D1A2C4C0F8200D8B453 /* CommunityMainViewController.swift in Sources */ = {isa = PBXBuildFile; fileRef = 16B97D192C4C0F8200D8B453 /* CommunityMainViewController.swift */; };
		16B97D1E2C4C0FCA00D8B453 /* CommunityInfoViewController.swift in Sources */ = {isa = PBXBuildFile; fileRef = 16B97D1D2C4C0FCA00D8B453 /* CommunityInfoViewController.swift */; };
		16B97D202C4C0FDB00D8B453 /* SearchCommunityViewController.swift in Sources */ = {isa = PBXBuildFile; fileRef = 16B97D1F2C4C0FDB00D8B453 /* SearchCommunityViewController.swift */; };
		16B97D222C4C0FEB00D8B453 /* CommunityListViewController.swift in Sources */ = {isa = PBXBuildFile; fileRef = 16B97D212C4C0FEB00D8B453 /* CommunityListViewController.swift */; };
		16B97D242C4C0FFE00D8B453 /* CreateNewCommViewController.swift in Sources */ = {isa = PBXBuildFile; fileRef = 16B97D232C4C0FFE00D8B453 /* CreateNewCommViewController.swift */; };
		16B97D272C4CE5A100D8B453 /* Alamofire in Frameworks */ = {isa = PBXBuildFile; productRef = 16B97D262C4CE5A100D8B453 /* Alamofire */; };
		16B97D2C2C4CE5CE00D8B453 /* Toast in Frameworks */ = {isa = PBXBuildFile; productRef = 16B97D2B2C4CE5CE00D8B453 /* Toast */; };
		16B97D2F2C4CE61100D8B453 /* Moya in Frameworks */ = {isa = PBXBuildFile; productRef = 16B97D2E2C4CE61100D8B453 /* Moya */; };
		16B97D322C4CE68A00D8B453 /* KakaoSDK in Frameworks */ = {isa = PBXBuildFile; productRef = 16B97D312C4CE68A00D8B453 /* KakaoSDK */; };
		5E2314772C4CF2DB004E2013 /* SnapKit in Frameworks */ = {isa = PBXBuildFile; productRef = 5E2314762C4CF2DB004E2013 /* SnapKit */; };
/* End PBXBuildFile section */

/* Begin PBXFileReference section */
		16B97CD02C4BEB0900D8B453 /* Drink-EG.app */ = {isa = PBXFileReference; explicitFileType = wrapper.application; includeInIndex = 0; path = "Drink-EG.app"; sourceTree = BUILT_PRODUCTS_DIR; };
		16B97CD32C4BEB0900D8B453 /* AppDelegate.swift */ = {isa = PBXFileReference; lastKnownFileType = sourcecode.swift; path = AppDelegate.swift; sourceTree = "<group>"; };
		16B97CD52C4BEB0900D8B453 /* SceneDelegate.swift */ = {isa = PBXFileReference; lastKnownFileType = sourcecode.swift; path = SceneDelegate.swift; sourceTree = "<group>"; };
		16B97CD72C4BEB0900D8B453 /* ViewController.swift */ = {isa = PBXFileReference; lastKnownFileType = sourcecode.swift; path = ViewController.swift; sourceTree = "<group>"; };
		16B97CDC2C4BEB0A00D8B453 /* Assets.xcassets */ = {isa = PBXFileReference; lastKnownFileType = folder.assetcatalog; path = Assets.xcassets; sourceTree = "<group>"; };
		16B97CDF2C4BEB0A00D8B453 /* Base */ = {isa = PBXFileReference; lastKnownFileType = file.storyboard; name = Base; path = Base.lproj/LaunchScreen.storyboard; sourceTree = "<group>"; };
		16B97CE12C4BEB0A00D8B453 /* Info.plist */ = {isa = PBXFileReference; lastKnownFileType = text.plist.xml; path = Info.plist; sourceTree = "<group>"; };
		16B97CE82C4BF29F00D8B453 /* SecondScreenViewController.swift */ = {isa = PBXFileReference; lastKnownFileType = sourcecode.swift; path = SecondScreenViewController.swift; sourceTree = "<group>"; };
		16B97CEB2C4BF37E00D8B453 /* Constant.swift */ = {isa = PBXFileReference; lastKnownFileType = sourcecode.swift; path = Constant.swift; sourceTree = "<group>"; };
		16B97CFD2C4BFC2300D8B453 /* HomeViewController.swift */ = {isa = PBXFileReference; lastKnownFileType = sourcecode.swift; path = HomeViewController.swift; sourceTree = "<group>"; };
		16B97CFF2C4BFC7300D8B453 /* ShoppingCartListViewController.swift */ = {isa = PBXFileReference; lastKnownFileType = sourcecode.swift; path = ShoppingCartListViewController.swift; sourceTree = "<group>"; };
		16B97D012C4BFC9800D8B453 /* SearchHomeViewController.swift */ = {isa = PBXFileReference; lastKnownFileType = sourcecode.swift; path = SearchHomeViewController.swift; sourceTree = "<group>"; };
		16B97D032C4C0CD700D8B453 /* WineInfoViewController.swift */ = {isa = PBXFileReference; lastKnownFileType = sourcecode.swift; path = WineInfoViewController.swift; sourceTree = "<group>"; };
		16B97D052C4C0CF800D8B453 /* WineStoreListViewController.swift */ = {isa = PBXFileReference; lastKnownFileType = sourcecode.swift; path = WineStoreListViewController.swift; sourceTree = "<group>"; };
		16B97D072C4C0D8100D8B453 /* WineOrderViewController.swift */ = {isa = PBXFileReference; lastKnownFileType = sourcecode.swift; path = WineOrderViewController.swift; sourceTree = "<group>"; };
		16B97D092C4C0D8F00D8B453 /* NoteListViewController.swift */ = {isa = PBXFileReference; lastKnownFileType = sourcecode.swift; path = NoteListViewController.swift; sourceTree = "<group>"; };
		16B97D0B2C4C0DAA00D8B453 /* AddNewNoteViewController.swift */ = {isa = PBXFileReference; lastKnownFileType = sourcecode.swift; path = AddNewNoteViewController.swift; sourceTree = "<group>"; };
		16B97D0D2C4C0E6300D8B453 /* WriteNoteViewController.swift */ = {isa = PBXFileReference; lastKnownFileType = sourcecode.swift; path = WriteNoteViewController.swift; sourceTree = "<group>"; };
		16B97D0F2C4C0E9000D8B453 /* NoteInfoViewController.swift */ = {isa = PBXFileReference; lastKnownFileType = sourcecode.swift; path = NoteInfoViewController.swift; sourceTree = "<group>"; };
		16B97D112C4C0F2400D8B453 /* WineClassMainViewController.swift */ = {isa = PBXFileReference; lastKnownFileType = sourcecode.swift; path = WineClassMainViewController.swift; sourceTree = "<group>"; };
		16B97D132C4C0F4100D8B453 /* ClassVideoViewController.swift */ = {isa = PBXFileReference; lastKnownFileType = sourcecode.swift; path = ClassVideoViewController.swift; sourceTree = "<group>"; };
		16B97D152C4C0F6400D8B453 /* SavingVideoViewController.swift */ = {isa = PBXFileReference; lastKnownFileType = sourcecode.swift; path = SavingVideoViewController.swift; sourceTree = "<group>"; };
		16B97D172C4C0F6E00D8B453 /* SearchVideoViewController.swift */ = {isa = PBXFileReference; lastKnownFileType = sourcecode.swift; path = SearchVideoViewController.swift; sourceTree = "<group>"; };
		16B97D192C4C0F8200D8B453 /* CommunityMainViewController.swift */ = {isa = PBXFileReference; lastKnownFileType = sourcecode.swift; path = CommunityMainViewController.swift; sourceTree = "<group>"; };
		16B97D1D2C4C0FCA00D8B453 /* CommunityInfoViewController.swift */ = {isa = PBXFileReference; lastKnownFileType = sourcecode.swift; path = CommunityInfoViewController.swift; sourceTree = "<group>"; };
		16B97D1F2C4C0FDB00D8B453 /* SearchCommunityViewController.swift */ = {isa = PBXFileReference; lastKnownFileType = sourcecode.swift; path = SearchCommunityViewController.swift; sourceTree = "<group>"; };
		16B97D212C4C0FEB00D8B453 /* CommunityListViewController.swift */ = {isa = PBXFileReference; lastKnownFileType = sourcecode.swift; path = CommunityListViewController.swift; sourceTree = "<group>"; };
		16B97D232C4C0FFE00D8B453 /* CreateNewCommViewController.swift */ = {isa = PBXFileReference; lastKnownFileType = sourcecode.swift; path = CreateNewCommViewController.swift; sourceTree = "<group>"; };
/* End PBXFileReference section */

/* Begin PBXFrameworksBuildPhase section */
		16B97CCD2C4BEB0900D8B453 /* Frameworks */ = {
			isa = PBXFrameworksBuildPhase;
			buildActionMask = 2147483647;
			files = (
				16B97D2C2C4CE5CE00D8B453 /* Toast in Frameworks */,
				16B97D322C4CE68A00D8B453 /* KakaoSDK in Frameworks */,
				16B97D272C4CE5A100D8B453 /* Alamofire in Frameworks */,
				5E2314772C4CF2DB004E2013 /* SnapKit in Frameworks */,
				16B97D2F2C4CE61100D8B453 /* Moya in Frameworks */,
			);
			runOnlyForDeploymentPostprocessing = 0;
		};
/* End PBXFrameworksBuildPhase section */

/* Begin PBXGroup section */
		16B97CC72C4BEB0900D8B453 = {
			isa = PBXGroup;
			children = (
				16B97CD22C4BEB0900D8B453 /* Drink-EG */,
				16B97CD12C4BEB0900D8B453 /* Products */,
			);
			sourceTree = "<group>";
		};
		16B97CD12C4BEB0900D8B453 /* Products */ = {
			isa = PBXGroup;
			children = (
				16B97CD02C4BEB0900D8B453 /* Drink-EG.app */,
			);
			name = Products;
			sourceTree = "<group>";
		};
		16B97CD22C4BEB0900D8B453 /* Drink-EG */ = {
			isa = PBXGroup;
			children = (
				16B97CEA2C4BF36300D8B453 /* Resources */,
				16B97CF02C4BF3F100D8B453 /* Sources */,
				16B97CDE2C4BEB0A00D8B453 /* LaunchScreen.storyboard */,
				16B97CE12C4BEB0A00D8B453 /* Info.plist */,
			);
			path = "Drink-EG";
			sourceTree = "<group>";
		};
		16B97CEA2C4BF36300D8B453 /* Resources */ = {
			isa = PBXGroup;
			children = (
				16B97CD52C4BEB0900D8B453 /* SceneDelegate.swift */,
				16B97CD32C4BEB0900D8B453 /* AppDelegate.swift */,
				16B97CDC2C4BEB0A00D8B453 /* Assets.xcassets */,
				16B97CEB2C4BF37E00D8B453 /* Constant.swift */,
				16B97CEF2C4BF3E400D8B453 /* APIs */,
				16B97CED2C4BF3B700D8B453 /* Extensions */,
				16B97CEE2C4BF3D200D8B453 /* Fonts */,
			);
			path = Resources;
			sourceTree = "<group>";
		};
		16B97CED2C4BF3B700D8B453 /* Extensions */ = {
			isa = PBXGroup;
			children = (
			);
			path = Extensions;
			sourceTree = "<group>";
		};
		16B97CEE2C4BF3D200D8B453 /* Fonts */ = {
			isa = PBXGroup;
			children = (
			);
			path = Fonts;
			sourceTree = "<group>";
		};
		16B97CEF2C4BF3E400D8B453 /* APIs */ = {
			isa = PBXGroup;
			children = (
			);
			path = APIs;
			sourceTree = "<group>";
		};
		16B97CF02C4BF3F100D8B453 /* Sources */ = {
			isa = PBXGroup;
			children = (
				16B97CF42C4BF40900D8B453 /* Cells */,
				16B97CF32C4BF40100D8B453 /* Protocols */,
				16B97CF22C4BF3FC00D8B453 /* Models */,
				16B97CF12C4BF3F700D8B453 /* VCs */,
			);
			path = Sources;
			sourceTree = "<group>";
		};
		16B97CF12C4BF3F700D8B453 /* VCs */ = {
			isa = PBXGroup;
			children = (
				16B97CF52C4BFAEC00D8B453 /* Default */,
				16B97CFC2C4BFBD300D8B453 /* Main */,
				16B97CF62C4BFAFD00D8B453 /* Search */,
				16B97CF72C4BFB0900D8B453 /* TastingNote */,
				16B97CF82C4BFB2400D8B453 /* WineClass */,
				16B97CF92C4BFB4700D8B453 /* Community */,
				16B97CFB2C4BFB5E00D8B453 /* Settings */,
				16B97CD72C4BEB0900D8B453 /* ViewController.swift */,
				16B97CE82C4BF29F00D8B453 /* SecondScreenViewController.swift */,
			);
			path = VCs;
			sourceTree = "<group>";
		};
		16B97CF22C4BF3FC00D8B453 /* Models */ = {
			isa = PBXGroup;
			children = (
			);
			path = Models;
			sourceTree = "<group>";
		};
		16B97CF32C4BF40100D8B453 /* Protocols */ = {
			isa = PBXGroup;
			children = (
			);
			path = Protocols;
			sourceTree = "<group>";
		};
		16B97CF42C4BF40900D8B453 /* Cells */ = {
			isa = PBXGroup;
			children = (
			);
			path = Cells;
			sourceTree = "<group>";
		};
		16B97CF52C4BFAEC00D8B453 /* Default */ = {
			isa = PBXGroup;
			children = (
			);
			path = Default;
			sourceTree = "<group>";
		};
		16B97CF62C4BFAFD00D8B453 /* Search */ = {
			isa = PBXGroup;
			children = (
				16B97D012C4BFC9800D8B453 /* SearchHomeViewController.swift */,
				16B97D032C4C0CD700D8B453 /* WineInfoViewController.swift */,
				16B97D052C4C0CF800D8B453 /* WineStoreListViewController.swift */,
				16B97D072C4C0D8100D8B453 /* WineOrderViewController.swift */,
			);
			path = Search;
			sourceTree = "<group>";
		};
		16B97CF72C4BFB0900D8B453 /* TastingNote */ = {
			isa = PBXGroup;
			children = (
				16B97D092C4C0D8F00D8B453 /* NoteListViewController.swift */,
				16B97D0B2C4C0DAA00D8B453 /* AddNewNoteViewController.swift */,
				16B97D0D2C4C0E6300D8B453 /* WriteNoteViewController.swift */,
				16B97D0F2C4C0E9000D8B453 /* NoteInfoViewController.swift */,
			);
			path = TastingNote;
			sourceTree = "<group>";
		};
		16B97CF82C4BFB2400D8B453 /* WineClass */ = {
			isa = PBXGroup;
			children = (
				16B97D112C4C0F2400D8B453 /* WineClassMainViewController.swift */,
				16B97D132C4C0F4100D8B453 /* ClassVideoViewController.swift */,
				16B97D152C4C0F6400D8B453 /* SavingVideoViewController.swift */,
				16B97D172C4C0F6E00D8B453 /* SearchVideoViewController.swift */,
			);
			path = WineClass;
			sourceTree = "<group>";
		};
		16B97CF92C4BFB4700D8B453 /* Community */ = {
			isa = PBXGroup;
			children = (
				16B97D192C4C0F8200D8B453 /* CommunityMainViewController.swift */,
				16B97D1D2C4C0FCA00D8B453 /* CommunityInfoViewController.swift */,
				16B97D1F2C4C0FDB00D8B453 /* SearchCommunityViewController.swift */,
				16B97D212C4C0FEB00D8B453 /* CommunityListViewController.swift */,
				16B97D232C4C0FFE00D8B453 /* CreateNewCommViewController.swift */,
			);
			path = Community;
			sourceTree = "<group>";
		};
		16B97CFB2C4BFB5E00D8B453 /* Settings */ = {
			isa = PBXGroup;
			children = (
			);
			path = Settings;
			sourceTree = "<group>";
		};
		16B97CFC2C4BFBD300D8B453 /* Main */ = {
			isa = PBXGroup;
			children = (
				16B97CFD2C4BFC2300D8B453 /* HomeViewController.swift */,
				16B97CFF2C4BFC7300D8B453 /* ShoppingCartListViewController.swift */,
			);
			path = Main;
			sourceTree = "<group>";
		};
/* End PBXGroup section */

/* Begin PBXNativeTarget section */
		16B97CCF2C4BEB0900D8B453 /* Drink-EG */ = {
			isa = PBXNativeTarget;
			buildConfigurationList = 16B97CE42C4BEB0A00D8B453 /* Build configuration list for PBXNativeTarget "Drink-EG" */;
			buildPhases = (
				16B97CCC2C4BEB0900D8B453 /* Sources */,
				16B97CCD2C4BEB0900D8B453 /* Frameworks */,
				16B97CCE2C4BEB0900D8B453 /* Resources */,
			);
			buildRules = (
			);
			dependencies = (
			);
			name = "Drink-EG";
			packageProductDependencies = (
				16B97D262C4CE5A100D8B453 /* Alamofire */,
				16B97D2B2C4CE5CE00D8B453 /* Toast */,
				16B97D2E2C4CE61100D8B453 /* Moya */,
				16B97D312C4CE68A00D8B453 /* KakaoSDK */,
				5E2314762C4CF2DB004E2013 /* SnapKit */,
			);
			productName = "Drink-EG";
			productReference = 16B97CD02C4BEB0900D8B453 /* Drink-EG.app */;
			productType = "com.apple.product-type.application";
		};
/* End PBXNativeTarget section */

/* Begin PBXProject section */
		16B97CC82C4BEB0900D8B453 /* Project object */ = {
			isa = PBXProject;
			attributes = {
				BuildIndependentTargetsInParallel = 1;
				LastSwiftUpdateCheck = 1540;
				LastUpgradeCheck = 1540;
				TargetAttributes = {
					16B97CCF2C4BEB0900D8B453 = {
						CreatedOnToolsVersion = 15.4;
					};
				};
			};
			buildConfigurationList = 16B97CCB2C4BEB0900D8B453 /* Build configuration list for PBXProject "Drink-EG" */;
			compatibilityVersion = "Xcode 14.0";
			developmentRegion = en;
			hasScannedForEncodings = 0;
			knownRegions = (
				en,
				Base,
			);
			mainGroup = 16B97CC72C4BEB0900D8B453;
			packageReferences = (
				16B97D252C4CE5A100D8B453 /* XCRemoteSwiftPackageReference "Alamofire" */,
				16B97D2A2C4CE5CE00D8B453 /* XCRemoteSwiftPackageReference "toast-swift" */,
				16B97D2D2C4CE61100D8B453 /* XCRemoteSwiftPackageReference "Moya" */,
				16B97D302C4CE68A00D8B453 /* XCRemoteSwiftPackageReference "kakao-ios-sdk" */,
				5E2314752C4CF2DB004E2013 /* XCRemoteSwiftPackageReference "SnapKit" */,
			);
			productRefGroup = 16B97CD12C4BEB0900D8B453 /* Products */;
			projectDirPath = "";
			projectRoot = "";
			targets = (
				16B97CCF2C4BEB0900D8B453 /* Drink-EG */,
			);
		};
/* End PBXProject section */

/* Begin PBXResourcesBuildPhase section */
		16B97CCE2C4BEB0900D8B453 /* Resources */ = {
			isa = PBXResourcesBuildPhase;
			buildActionMask = 2147483647;
			files = (
				16B97CDD2C4BEB0A00D8B453 /* Assets.xcassets in Resources */,
				16B97CE02C4BEB0A00D8B453 /* Base in Resources */,
			);
			runOnlyForDeploymentPostprocessing = 0;
		};
/* End PBXResourcesBuildPhase section */

/* Begin PBXSourcesBuildPhase section */
		16B97CCC2C4BEB0900D8B453 /* Sources */ = {
			isa = PBXSourcesBuildPhase;
			buildActionMask = 2147483647;
			files = (
				16B97D222C4C0FEB00D8B453 /* CommunityListViewController.swift in Sources */,
				16B97CE92C4BF29F00D8B453 /* SecondScreenViewController.swift in Sources */,
				16B97D042C4C0CD700D8B453 /* WineInfoViewController.swift in Sources */,
				16B97D162C4C0F6400D8B453 /* SavingVideoViewController.swift in Sources */,
				16B97D1A2C4C0F8200D8B453 /* CommunityMainViewController.swift in Sources */,
				16B97CD82C4BEB0900D8B453 /* ViewController.swift in Sources */,
				16B97CEC2C4BF37E00D8B453 /* Constant.swift in Sources */,
				16B97D182C4C0F6E00D8B453 /* SearchVideoViewController.swift in Sources */,
				16B97D0C2C4C0DAA00D8B453 /* AddNewNoteViewController.swift in Sources */,
				16B97D002C4BFC7300D8B453 /* ShoppingCartListViewController.swift in Sources */,
				16B97D0E2C4C0E6300D8B453 /* WriteNoteViewController.swift in Sources */,
				16B97CD42C4BEB0900D8B453 /* AppDelegate.swift in Sources */,
				16B97CD62C4BEB0900D8B453 /* SceneDelegate.swift in Sources */,
				16B97D082C4C0D8100D8B453 /* WineOrderViewController.swift in Sources */,
				16B97D102C4C0E9000D8B453 /* NoteInfoViewController.swift in Sources */,
				16B97D242C4C0FFE00D8B453 /* CreateNewCommViewController.swift in Sources */,
				16B97D122C4C0F2400D8B453 /* WineClassMainViewController.swift in Sources */,
				16B97D0A2C4C0D8F00D8B453 /* NoteListViewController.swift in Sources */,
				16B97D062C4C0CF800D8B453 /* WineStoreListViewController.swift in Sources */,
				16B97D1E2C4C0FCA00D8B453 /* CommunityInfoViewController.swift in Sources */,
				16B97D202C4C0FDB00D8B453 /* SearchCommunityViewController.swift in Sources */,
				16B97CFE2C4BFC2300D8B453 /* HomeViewController.swift in Sources */,
				16B97D142C4C0F4100D8B453 /* ClassVideoViewController.swift in Sources */,
				16B97D022C4BFC9800D8B453 /* SearchHomeViewController.swift in Sources */,
			);
			runOnlyForDeploymentPostprocessing = 0;
		};
/* End PBXSourcesBuildPhase section */

/* Begin PBXVariantGroup section */
		16B97CDE2C4BEB0A00D8B453 /* LaunchScreen.storyboard */ = {
			isa = PBXVariantGroup;
			children = (
				16B97CDF2C4BEB0A00D8B453 /* Base */,
			);
			name = LaunchScreen.storyboard;
			sourceTree = "<group>";
		};
/* End PBXVariantGroup section */

/* Begin XCBuildConfiguration section */
		16B97CE22C4BEB0A00D8B453 /* Debug */ = {
			isa = XCBuildConfiguration;
			buildSettings = {
				ALWAYS_SEARCH_USER_PATHS = NO;
				ASSETCATALOG_COMPILER_GENERATE_SWIFT_ASSET_SYMBOL_EXTENSIONS = YES;
				CLANG_ANALYZER_NONNULL = YES;
				CLANG_ANALYZER_NUMBER_OBJECT_CONVERSION = YES_AGGRESSIVE;
				CLANG_CXX_LANGUAGE_STANDARD = "gnu++20";
				CLANG_ENABLE_MODULES = YES;
				CLANG_ENABLE_OBJC_ARC = YES;
				CLANG_ENABLE_OBJC_WEAK = YES;
				CLANG_WARN_BLOCK_CAPTURE_AUTORELEASING = YES;
				CLANG_WARN_BOOL_CONVERSION = YES;
				CLANG_WARN_COMMA = YES;
				CLANG_WARN_CONSTANT_CONVERSION = YES;
				CLANG_WARN_DEPRECATED_OBJC_IMPLEMENTATIONS = YES;
				CLANG_WARN_DIRECT_OBJC_ISA_USAGE = YES_ERROR;
				CLANG_WARN_DOCUMENTATION_COMMENTS = YES;
				CLANG_WARN_EMPTY_BODY = YES;
				CLANG_WARN_ENUM_CONVERSION = YES;
				CLANG_WARN_INFINITE_RECURSION = YES;
				CLANG_WARN_INT_CONVERSION = YES;
				CLANG_WARN_NON_LITERAL_NULL_CONVERSION = YES;
				CLANG_WARN_OBJC_IMPLICIT_RETAIN_SELF = YES;
				CLANG_WARN_OBJC_LITERAL_CONVERSION = YES;
				CLANG_WARN_OBJC_ROOT_CLASS = YES_ERROR;
				CLANG_WARN_QUOTED_INCLUDE_IN_FRAMEWORK_HEADER = YES;
				CLANG_WARN_RANGE_LOOP_ANALYSIS = YES;
				CLANG_WARN_STRICT_PROTOTYPES = YES;
				CLANG_WARN_SUSPICIOUS_MOVE = YES;
				CLANG_WARN_UNGUARDED_AVAILABILITY = YES_AGGRESSIVE;
				CLANG_WARN_UNREACHABLE_CODE = YES;
				CLANG_WARN__DUPLICATE_METHOD_MATCH = YES;
				COPY_PHASE_STRIP = NO;
				DEBUG_INFORMATION_FORMAT = dwarf;
				ENABLE_STRICT_OBJC_MSGSEND = YES;
				ENABLE_TESTABILITY = YES;
				ENABLE_USER_SCRIPT_SANDBOXING = YES;
				GCC_C_LANGUAGE_STANDARD = gnu17;
				GCC_DYNAMIC_NO_PIC = NO;
				GCC_NO_COMMON_BLOCKS = YES;
				GCC_OPTIMIZATION_LEVEL = 0;
				GCC_PREPROCESSOR_DEFINITIONS = (
					"DEBUG=1",
					"$(inherited)",
				);
				GCC_WARN_64_TO_32_BIT_CONVERSION = YES;
				GCC_WARN_ABOUT_RETURN_TYPE = YES_ERROR;
				GCC_WARN_UNDECLARED_SELECTOR = YES;
				GCC_WARN_UNINITIALIZED_AUTOS = YES_AGGRESSIVE;
				GCC_WARN_UNUSED_FUNCTION = YES;
				GCC_WARN_UNUSED_VARIABLE = YES;
				IPHONEOS_DEPLOYMENT_TARGET = 17.5;
				LOCALIZATION_PREFERS_STRING_CATALOGS = YES;
				MTL_ENABLE_DEBUG_INFO = INCLUDE_SOURCE;
				MTL_FAST_MATH = YES;
				ONLY_ACTIVE_ARCH = YES;
				SDKROOT = iphoneos;
				SWIFT_ACTIVE_COMPILATION_CONDITIONS = "DEBUG $(inherited)";
				SWIFT_OPTIMIZATION_LEVEL = "-Onone";
			};
			name = Debug;
		};
		16B97CE32C4BEB0A00D8B453 /* Release */ = {
			isa = XCBuildConfiguration;
			buildSettings = {
				ALWAYS_SEARCH_USER_PATHS = NO;
				ASSETCATALOG_COMPILER_GENERATE_SWIFT_ASSET_SYMBOL_EXTENSIONS = YES;
				CLANG_ANALYZER_NONNULL = YES;
				CLANG_ANALYZER_NUMBER_OBJECT_CONVERSION = YES_AGGRESSIVE;
				CLANG_CXX_LANGUAGE_STANDARD = "gnu++20";
				CLANG_ENABLE_MODULES = YES;
				CLANG_ENABLE_OBJC_ARC = YES;
				CLANG_ENABLE_OBJC_WEAK = YES;
				CLANG_WARN_BLOCK_CAPTURE_AUTORELEASING = YES;
				CLANG_WARN_BOOL_CONVERSION = YES;
				CLANG_WARN_COMMA = YES;
				CLANG_WARN_CONSTANT_CONVERSION = YES;
				CLANG_WARN_DEPRECATED_OBJC_IMPLEMENTATIONS = YES;
				CLANG_WARN_DIRECT_OBJC_ISA_USAGE = YES_ERROR;
				CLANG_WARN_DOCUMENTATION_COMMENTS = YES;
				CLANG_WARN_EMPTY_BODY = YES;
				CLANG_WARN_ENUM_CONVERSION = YES;
				CLANG_WARN_INFINITE_RECURSION = YES;
				CLANG_WARN_INT_CONVERSION = YES;
				CLANG_WARN_NON_LITERAL_NULL_CONVERSION = YES;
				CLANG_WARN_OBJC_IMPLICIT_RETAIN_SELF = YES;
				CLANG_WARN_OBJC_LITERAL_CONVERSION = YES;
				CLANG_WARN_OBJC_ROOT_CLASS = YES_ERROR;
				CLANG_WARN_QUOTED_INCLUDE_IN_FRAMEWORK_HEADER = YES;
				CLANG_WARN_RANGE_LOOP_ANALYSIS = YES;
				CLANG_WARN_STRICT_PROTOTYPES = YES;
				CLANG_WARN_SUSPICIOUS_MOVE = YES;
				CLANG_WARN_UNGUARDED_AVAILABILITY = YES_AGGRESSIVE;
				CLANG_WARN_UNREACHABLE_CODE = YES;
				CLANG_WARN__DUPLICATE_METHOD_MATCH = YES;
				COPY_PHASE_STRIP = NO;
				DEBUG_INFORMATION_FORMAT = "dwarf-with-dsym";
				ENABLE_NS_ASSERTIONS = NO;
				ENABLE_STRICT_OBJC_MSGSEND = YES;
				ENABLE_USER_SCRIPT_SANDBOXING = YES;
				GCC_C_LANGUAGE_STANDARD = gnu17;
				GCC_NO_COMMON_BLOCKS = YES;
				GCC_WARN_64_TO_32_BIT_CONVERSION = YES;
				GCC_WARN_ABOUT_RETURN_TYPE = YES_ERROR;
				GCC_WARN_UNDECLARED_SELECTOR = YES;
				GCC_WARN_UNINITIALIZED_AUTOS = YES_AGGRESSIVE;
				GCC_WARN_UNUSED_FUNCTION = YES;
				GCC_WARN_UNUSED_VARIABLE = YES;
				IPHONEOS_DEPLOYMENT_TARGET = 17.5;
				LOCALIZATION_PREFERS_STRING_CATALOGS = YES;
				MTL_ENABLE_DEBUG_INFO = NO;
				MTL_FAST_MATH = YES;
				SDKROOT = iphoneos;
				SWIFT_COMPILATION_MODE = wholemodule;
				VALIDATE_PRODUCT = YES;
			};
			name = Release;
		};
		16B97CE52C4BEB0A00D8B453 /* Debug */ = {
			isa = XCBuildConfiguration;
			buildSettings = {
				ASSETCATALOG_COMPILER_APPICON_NAME = AppIcon;
				ASSETCATALOG_COMPILER_GLOBAL_ACCENT_COLOR_NAME = AccentColor;
				CODE_SIGN_STYLE = Automatic;
				CURRENT_PROJECT_VERSION = 1;
				DEVELOPMENT_TEAM = 83K577A944;
				GENERATE_INFOPLIST_FILE = YES;
				INFOPLIST_FILE = "Drink-EG/Info.plist";
				INFOPLIST_KEY_UIApplicationSupportsIndirectInputEvents = YES;
				INFOPLIST_KEY_UILaunchStoryboardName = LaunchScreen;
				INFOPLIST_KEY_UISupportedInterfaceOrientations_iPad = "UIInterfaceOrientationPortrait UIInterfaceOrientationPortraitUpsideDown UIInterfaceOrientationLandscapeLeft UIInterfaceOrientationLandscapeRight";
				INFOPLIST_KEY_UISupportedInterfaceOrientations_iPhone = "UIInterfaceOrientationPortrait UIInterfaceOrientationLandscapeLeft UIInterfaceOrientationLandscapeRight";
				LD_RUNPATH_SEARCH_PATHS = (
					"$(inherited)",
					"@executable_path/Frameworks",
				);
				MARKETING_VERSION = 1.0;
				PRODUCT_BUNDLE_IDENTIFIER = "doyeonkim.Drink-EG";
				PRODUCT_NAME = "$(TARGET_NAME)";
				SWIFT_EMIT_LOC_STRINGS = YES;
				SWIFT_VERSION = 5.0;
				TARGETED_DEVICE_FAMILY = "1,2";
			};
			name = Debug;
		};
		16B97CE62C4BEB0A00D8B453 /* Release */ = {
			isa = XCBuildConfiguration;
			buildSettings = {
				ASSETCATALOG_COMPILER_APPICON_NAME = AppIcon;
				ASSETCATALOG_COMPILER_GLOBAL_ACCENT_COLOR_NAME = AccentColor;
				CODE_SIGN_STYLE = Automatic;
				CURRENT_PROJECT_VERSION = 1;
				DEVELOPMENT_TEAM = 83K577A944;
				GENERATE_INFOPLIST_FILE = YES;
				INFOPLIST_FILE = "Drink-EG/Info.plist";
				INFOPLIST_KEY_UIApplicationSupportsIndirectInputEvents = YES;
				INFOPLIST_KEY_UILaunchStoryboardName = LaunchScreen;
				INFOPLIST_KEY_UISupportedInterfaceOrientations_iPad = "UIInterfaceOrientationPortrait UIInterfaceOrientationPortraitUpsideDown UIInterfaceOrientationLandscapeLeft UIInterfaceOrientationLandscapeRight";
				INFOPLIST_KEY_UISupportedInterfaceOrientations_iPhone = "UIInterfaceOrientationPortrait UIInterfaceOrientationLandscapeLeft UIInterfaceOrientationLandscapeRight";
				LD_RUNPATH_SEARCH_PATHS = (
					"$(inherited)",
					"@executable_path/Frameworks",
				);
				MARKETING_VERSION = 1.0;
				PRODUCT_BUNDLE_IDENTIFIER = "doyeonkim.Drink-EG";
				PRODUCT_NAME = "$(TARGET_NAME)";
				SWIFT_EMIT_LOC_STRINGS = YES;
				SWIFT_VERSION = 5.0;
				TARGETED_DEVICE_FAMILY = "1,2";
			};
			name = Release;
		};
/* End XCBuildConfiguration section */

/* Begin XCConfigurationList section */
		16B97CCB2C4BEB0900D8B453 /* Build configuration list for PBXProject "Drink-EG" */ = {
			isa = XCConfigurationList;
			buildConfigurations = (
				16B97CE22C4BEB0A00D8B453 /* Debug */,
				16B97CE32C4BEB0A00D8B453 /* Release */,
			);
			defaultConfigurationIsVisible = 0;
			defaultConfigurationName = Release;
		};
		16B97CE42C4BEB0A00D8B453 /* Build configuration list for PBXNativeTarget "Drink-EG" */ = {
			isa = XCConfigurationList;
			buildConfigurations = (
				16B97CE52C4BEB0A00D8B453 /* Debug */,
				16B97CE62C4BEB0A00D8B453 /* Release */,
			);
			defaultConfigurationIsVisible = 0;
			defaultConfigurationName = Release;
		};
/* End XCConfigurationList section */

/* Begin XCRemoteSwiftPackageReference section */
		16B97D252C4CE5A100D8B453 /* XCRemoteSwiftPackageReference "Alamofire" */ = {
			isa = XCRemoteSwiftPackageReference;
			repositoryURL = "https://github.com/Alamofire/Alamofire";
			requirement = {
				kind = upToNextMajorVersion;
				minimumVersion = 5.9.1;
			};
		};
		16B97D2A2C4CE5CE00D8B453 /* XCRemoteSwiftPackageReference "toast-swift" */ = {
			isa = XCRemoteSwiftPackageReference;
			repositoryURL = "https://github.com/BastiaanJansen/toast-swift";
			requirement = {
				kind = upToNextMajorVersion;
				minimumVersion = 2.1.2;
			};
		};
		16B97D2D2C4CE61100D8B453 /* XCRemoteSwiftPackageReference "Moya" */ = {
			isa = XCRemoteSwiftPackageReference;
			repositoryURL = "https://github.com/Moya/Moya.git";
			requirement = {
				kind = upToNextMajorVersion;
				minimumVersion = 15.0.3;
			};
		};
		16B97D302C4CE68A00D8B453 /* XCRemoteSwiftPackageReference "kakao-ios-sdk" */ = {
			isa = XCRemoteSwiftPackageReference;
			repositoryURL = "https://github.com/kakao/kakao-ios-sdk";
			requirement = {
				kind = upToNextMajorVersion;
				minimumVersion = 2.22.4;
			};
		};
		5E2314752C4CF2DB004E2013 /* XCRemoteSwiftPackageReference "SnapKit" */ = {
			isa = XCRemoteSwiftPackageReference;
			repositoryURL = "https://github.com/SnapKit/SnapKit.git";
			requirement = {
				kind = upToNextMajorVersion;
				minimumVersion = 5.7.1;
			};
		};
/* End XCRemoteSwiftPackageReference section */

/* Begin XCSwiftPackageProductDependency section */
		16B97D262C4CE5A100D8B453 /* Alamofire */ = {
			isa = XCSwiftPackageProductDependency;
			package = 16B97D252C4CE5A100D8B453 /* XCRemoteSwiftPackageReference "Alamofire" */;
			productName = Alamofire;
		};
		16B97D2B2C4CE5CE00D8B453 /* Toast */ = {
			isa = XCSwiftPackageProductDependency;
			package = 16B97D2A2C4CE5CE00D8B453 /* XCRemoteSwiftPackageReference "toast-swift" */;
			productName = Toast;
		};
		16B97D2E2C4CE61100D8B453 /* Moya */ = {
			isa = XCSwiftPackageProductDependency;
			package = 16B97D2D2C4CE61100D8B453 /* XCRemoteSwiftPackageReference "Moya" */;
			productName = Moya;
		};
		16B97D312C4CE68A00D8B453 /* KakaoSDK */ = {
			isa = XCSwiftPackageProductDependency;
			package = 16B97D302C4CE68A00D8B453 /* XCRemoteSwiftPackageReference "kakao-ios-sdk" */;
			productName = KakaoSDK;
		};
		5E2314762C4CF2DB004E2013 /* SnapKit */ = {
			isa = XCSwiftPackageProductDependency;
			package = 5E2314752C4CF2DB004E2013 /* XCRemoteSwiftPackageReference "SnapKit" */;
			productName = SnapKit;
		};
/* End XCSwiftPackageProductDependency section */
	};
	rootObject = 16B97CC82C4BEB0900D8B453 /* Project object */;
}
