// !$*UTF8*$!
{
	archiveVersion = 1;
	classes = {
	};
	objectVersion = 56;
	objects = {

/* Begin PBXBuildFile section */
		165400E12C69D6B9008A9DBF /* BasicAPI.swift in Sources */ = {isa = PBXBuildFile; fileRef = 165400DE2C69D6B9008A9DBF /* BasicAPI.swift */; };
		165400E22C69D6B9008A9DBF /* CookiePlugin.swift in Sources */ = {isa = PBXBuildFile; fileRef = 165400DF2C69D6B9008A9DBF /* CookiePlugin.swift */; };
		165400E32C69D6B9008A9DBF /* CallMoyaExample.swift in Sources */ = {isa = PBXBuildFile; fileRef = 165400E02C69D6B9008A9DBF /* CallMoyaExample.swift */; };
		165400E52C69DDB6008A9DBF /* LoginAPI.swift in Sources */ = {isa = PBXBuildFile; fileRef = 165400E42C69DDB6008A9DBF /* LoginAPI.swift */; };
		165400E72C69DDBE008A9DBF /* TastingNoteAPI.swift in Sources */ = {isa = PBXBuildFile; fileRef = 165400E62C69DDBE008A9DBF /* TastingNoteAPI.swift */; };
		165400E92C69DDCB008A9DBF /* WineClassAPI.swift in Sources */ = {isa = PBXBuildFile; fileRef = 165400E82C69DDCB008A9DBF /* WineClassAPI.swift */; };
		165400EB2C69DDD9008A9DBF /* WineClassBookmarkAPI.swift in Sources */ = {isa = PBXBuildFile; fileRef = 165400EA2C69DDD9008A9DBF /* WineClassBookmarkAPI.swift */; };
		165400ED2C69DDF2008A9DBF /* WineNewsAPI.swift in Sources */ = {isa = PBXBuildFile; fileRef = 165400EC2C69DDF2008A9DBF /* WineNewsAPI.swift */; };
		165400EF2C69DDFF008A9DBF /* WineNewsBookmarkAPI.swift in Sources */ = {isa = PBXBuildFile; fileRef = 165400EE2C69DDFF008A9DBF /* WineNewsBookmarkAPI.swift */; };
		165400F12C69DE22008A9DBF /* CommunityAPI.swift in Sources */ = {isa = PBXBuildFile; fileRef = 165400F02C69DE22008A9DBF /* CommunityAPI.swift */; };
		165400F32C69DE2D008A9DBF /* CommentsAPI.swift in Sources */ = {isa = PBXBuildFile; fileRef = 165400F22C69DE2D008A9DBF /* CommentsAPI.swift */; };
		165400F62C69EF89008A9DBF /* WineNewsRequest.swift in Sources */ = {isa = PBXBuildFile; fileRef = 165400F52C69EF89008A9DBF /* WineNewsRequest.swift */; };
		165400F82C69EFBD008A9DBF /* WineNewsResponse.swift in Sources */ = {isa = PBXBuildFile; fileRef = 165400F72C69EFBD008A9DBF /* WineNewsResponse.swift */; };
		165400FA2C69F15D008A9DBF /* APIResponseWineNewsResponse.swift in Sources */ = {isa = PBXBuildFile; fileRef = 165400F92C69F15D008A9DBF /* APIResponseWineNewsResponse.swift */; };
		165400FC2C69F1A3008A9DBF /* WineClassRequest.swift in Sources */ = {isa = PBXBuildFile; fileRef = 165400FB2C69F1A3008A9DBF /* WineClassRequest.swift */; };
		165400FE2C69F218008A9DBF /* APIResponseWineClassResponse.swift in Sources */ = {isa = PBXBuildFile; fileRef = 165400FD2C69F218008A9DBF /* APIResponseWineClassResponse.swift */; };
		165401002C69F251008A9DBF /* WineClassResponse.swift in Sources */ = {isa = PBXBuildFile; fileRef = 165400FF2C69F251008A9DBF /* WineClassResponse.swift */; };
		165401042C69FA13008A9DBF /* APIResponseString.swift in Sources */ = {isa = PBXBuildFile; fileRef = 165401032C69FA13008A9DBF /* APIResponseString.swift */; };
		165401072C6BA5D8008A9DBF /* MemberInfoRequest.swift in Sources */ = {isa = PBXBuildFile; fileRef = 165401062C6BA5D8008A9DBF /* MemberInfoRequest.swift */; };
		165401092C6BA644008A9DBF /* MemberInfoAPI.swift in Sources */ = {isa = PBXBuildFile; fileRef = 165401082C6BA644008A9DBF /* MemberInfoAPI.swift */; };
		1654010B2C6BACDC008A9DBF /* SelectionManager.swift in Sources */ = {isa = PBXBuildFile; fileRef = 1654010A2C6BACDC008A9DBF /* SelectionManager.swift */; };
		16752F9D2C5A7FB90001907D /* HexCode.swift in Sources */ = {isa = PBXBuildFile; fileRef = 16752F9C2C5A7FB90001907D /* HexCode.swift */; };
		16B97CD42C4BEB0900D8B453 /* AppDelegate.swift in Sources */ = {isa = PBXBuildFile; fileRef = 16B97CD32C4BEB0900D8B453 /* AppDelegate.swift */; };
		16B97CD62C4BEB0900D8B453 /* SceneDelegate.swift in Sources */ = {isa = PBXBuildFile; fileRef = 16B97CD52C4BEB0900D8B453 /* SceneDelegate.swift */; };
		16B97CDD2C4BEB0A00D8B453 /* Assets.xcassets in Resources */ = {isa = PBXBuildFile; fileRef = 16B97CDC2C4BEB0A00D8B453 /* Assets.xcassets */; };
		16B97CE02C4BEB0A00D8B453 /* Base in Resources */ = {isa = PBXBuildFile; fileRef = 16B97CDF2C4BEB0A00D8B453 /* Base */; };
		16B97CEC2C4BF37E00D8B453 /* Constant.swift in Sources */ = {isa = PBXBuildFile; fileRef = 16B97CEB2C4BF37E00D8B453 /* Constant.swift */; };
		16B97CFE2C4BFC2300D8B453 /* HomeViewController.swift in Sources */ = {isa = PBXBuildFile; fileRef = 16B97CFD2C4BFC2300D8B453 /* HomeViewController.swift */; };
		16B97D002C4BFC7300D8B453 /* ShoppingCartListViewController.swift in Sources */ = {isa = PBXBuildFile; fileRef = 16B97CFF2C4BFC7300D8B453 /* ShoppingCartListViewController.swift */; };
		16B97D022C4BFC9800D8B453 /* SearchHomeViewController.swift in Sources */ = {isa = PBXBuildFile; fileRef = 16B97D012C4BFC9800D8B453 /* SearchHomeViewController.swift */; };
		16B97D042C4C0CD700D8B453 /* WineInfoViewController.swift in Sources */ = {isa = PBXBuildFile; fileRef = 16B97D032C4C0CD700D8B453 /* WineInfoViewController.swift */; };
		16B97D062C4C0CF800D8B453 /* WineStoreListViewController.swift in Sources */ = {isa = PBXBuildFile; fileRef = 16B97D052C4C0CF800D8B453 /* WineStoreListViewController.swift */; };
		16B97D082C4C0D8100D8B453 /* WineOrderViewController.swift in Sources */ = {isa = PBXBuildFile; fileRef = 16B97D072C4C0D8100D8B453 /* WineOrderViewController.swift */; };
		16B97D122C4C0F2400D8B453 /* WineClassMainViewController.swift in Sources */ = {isa = PBXBuildFile; fileRef = 16B97D112C4C0F2400D8B453 /* WineClassMainViewController.swift */; };
		16B97D142C4C0F4100D8B453 /* ClassVideoViewController.swift in Sources */ = {isa = PBXBuildFile; fileRef = 16B97D132C4C0F4100D8B453 /* ClassVideoViewController.swift */; };
		16B97D162C4C0F6400D8B453 /* SavingVideoViewController.swift in Sources */ = {isa = PBXBuildFile; fileRef = 16B97D152C4C0F6400D8B453 /* SavingVideoViewController.swift */; };
		16B97D182C4C0F6E00D8B453 /* SearchVideoViewController.swift in Sources */ = {isa = PBXBuildFile; fileRef = 16B97D172C4C0F6E00D8B453 /* SearchVideoViewController.swift */; };
		1F205A312C68BB5200E80659 /* CartListCollectionViewCell.swift in Sources */ = {isa = PBXBuildFile; fileRef = 1F205A302C68BB5200E80659 /* CartListCollectionViewCell.swift */; };
		1F205A332C69FE9800E80659 /* JoinNLoginRequest.swift in Sources */ = {isa = PBXBuildFile; fileRef = 1F205A322C69FE9800E80659 /* JoinNLoginRequest.swift */; };
		1F205A372C6A71BC00E80659 /* APIResponseLoginResponse.swift in Sources */ = {isa = PBXBuildFile; fileRef = 1F205A362C6A71BC00E80659 /* APIResponseLoginResponse.swift */; };
		1F205A392C6B33F700E80659 /* ThirdKindTasteTestViewController.swift in Sources */ = {isa = PBXBuildFile; fileRef = 1F205A382C6B33F700E80659 /* ThirdKindTasteTestViewController.swift */; };
		1F205A3B2C6B343300E80659 /* ThirdNationTasteTestViewController.swift in Sources */ = {isa = PBXBuildFile; fileRef = 1F205A3A2C6B343300E80659 /* ThirdNationTasteTestViewController.swift */; };
		1F205A3D2C6B34A300E80659 /* ThirdVarietyTasteTestViewController.swift in Sources */ = {isa = PBXBuildFile; fileRef = 1F205A3C2C6B34A300E80659 /* ThirdVarietyTasteTestViewController.swift */; };
		1F205A3F2C6B37BF00E80659 /* TasteTestFirstCollectionViewCell.swift in Sources */ = {isa = PBXBuildFile; fileRef = 1F205A3E2C6B37BF00E80659 /* TasteTestFirstCollectionViewCell.swift */; };
		1F205A412C6B540600E80659 /* TasteTestSecondCollectionViewCell.swift in Sources */ = {isa = PBXBuildFile; fileRef = 1F205A402C6B540600E80659 /* TasteTestSecondCollectionViewCell.swift */; };
		1F205A432C6B66EB00E80659 /* TasteTestThirdCollectionViewCell.swift in Sources */ = {isa = PBXBuildFile; fileRef = 1F205A422C6B66EB00E80659 /* TasteTestThirdCollectionViewCell.swift */; };
		1F205A452C6B707C00E80659 /* WhatsURNameViewController.swift in Sources */ = {isa = PBXBuildFile; fileRef = 1F205A442C6B707C00E80659 /* WhatsURNameViewController.swift */; };
		1F3CEAD62C669FD2002A4BC0 /* WineListCollectionViewCell.swift in Sources */ = {isa = PBXBuildFile; fileRef = 1F3CEAD52C669FD2002A4BC0 /* WineListCollectionViewCell.swift */; };
		1F598EEA2C5227C5000CE79F /* AdImageCollectionViewCell.swift in Sources */ = {isa = PBXBuildFile; fileRef = 1F598EE92C5227C5000CE79F /* AdImageCollectionViewCell.swift */; };
		1F598EEC2C524D2E000CE79F /* RecomCollectionViewCell.swift in Sources */ = {isa = PBXBuildFile; fileRef = 1F598EEB2C524D2E000CE79F /* RecomCollectionViewCell.swift */; };
		1F598EFB2C5814F9000CE79F /* EnterLoginViewController.swift in Sources */ = {isa = PBXBuildFile; fileRef = 1F598EFA2C5814F9000CE79F /* EnterLoginViewController.swift */; };
		1F598EFD2C58150E000CE79F /* JoinViewController.swift in Sources */ = {isa = PBXBuildFile; fileRef = 1F598EFC2C58150E000CE79F /* JoinViewController.swift */; };
		1F598EFF2C58151B000CE79F /* SelectLoginViewController.swift in Sources */ = {isa = PBXBuildFile; fileRef = 1F598EFE2C58151B000CE79F /* SelectLoginViewController.swift */; };
		1F598F012C581573000CE79F /* LoginViewController.swift in Sources */ = {isa = PBXBuildFile; fileRef = 1F598F002C581573000CE79F /* LoginViewController.swift */; };
		1F598F032C581A7D000CE79F /* StartLoginCollectionViewCell.swift in Sources */ = {isa = PBXBuildFile; fileRef = 1F598F022C581A7D000CE79F /* StartLoginCollectionViewCell.swift */; };
		1F598F0B2C5CBD9E000CE79F /* EnterTasteTestViewController.swift in Sources */ = {isa = PBXBuildFile; fileRef = 1F598F0A2C5CBD9E000CE79F /* EnterTasteTestViewController.swift */; };
		1F598F0F2C5CBE70000CE79F /* FirstTasteTestViewController.swift in Sources */ = {isa = PBXBuildFile; fileRef = 1F598F0E2C5CBE70000CE79F /* FirstTasteTestViewController.swift */; };
		1F598F112C5CBE7A000CE79F /* SecondTasteTestViewController.swift in Sources */ = {isa = PBXBuildFile; fileRef = 1F598F102C5CBE7A000CE79F /* SecondTasteTestViewController.swift */; };
		1F8DE5772C4D4ED800961A59 /* MainTabBarViewController.swift in Sources */ = {isa = PBXBuildFile; fileRef = 1F8DE5762C4D4ED700961A59 /* MainTabBarViewController.swift */; };
		1F8DE5792C4D5A4D00961A59 /* SettingMainController.swift in Sources */ = {isa = PBXBuildFile; fileRef = 1F8DE5782C4D5A4D00961A59 /* SettingMainController.swift */; };
		1F8F99F32C6F386B00EAEF6C /* SearchAPI.swift in Sources */ = {isa = PBXBuildFile; fileRef = 1F8F99F22C6F386B00EAEF6C /* SearchAPI.swift */; };
		1F8F99F52C6F40F400EAEF6C /* APIResponseWineSearchResponse.swift in Sources */ = {isa = PBXBuildFile; fileRef = 1F8F99F42C6F40F400EAEF6C /* APIResponseWineSearchResponse.swift */; };
		1F8F99F82C6F52C600EAEF6C /* WineSearchResponse.swift in Sources */ = {isa = PBXBuildFile; fileRef = 1F8F99F72C6F52C600EAEF6C /* WineSearchResponse.swift */; };
		1F8F99FA2C6F538300EAEF6C /* WineInfoResponse.swift in Sources */ = {isa = PBXBuildFile; fileRef = 1F8F99F92C6F538300EAEF6C /* WineInfoResponse.swift */; };
		1F8F99FC2C6F53A300EAEF6C /* APIResponseWineInfoResponse.swift in Sources */ = {isa = PBXBuildFile; fileRef = 1F8F99FB2C6F53A300EAEF6C /* APIResponseWineInfoResponse.swift */; };
		1FBD19532C6CFABB005C16A8 /* WineShopListCollectionViewCell.swift in Sources */ = {isa = PBXBuildFile; fileRef = 1FBD19522C6CFABB005C16A8 /* WineShopListCollectionViewCell.swift */; };
		1FBD19552C6D2BF7005C16A8 /* ReviewListViewController.swift in Sources */ = {isa = PBXBuildFile; fileRef = 1FBD19542C6D2BF7005C16A8 /* ReviewListViewController.swift */; };
		1FBD19572C6DDBAB005C16A8 /* ReviewListCollectionViewCell.swift in Sources */ = {isa = PBXBuildFile; fileRef = 1FBD19562C6DDBAB005C16A8 /* ReviewListCollectionViewCell.swift */; };
		5E22192D2C69D592005849FB /* Pretendard-Bold.otf in Resources */ = {isa = PBXBuildFile; fileRef = 5E2219242C69D592005849FB /* Pretendard-Bold.otf */; };
		5E22192E2C69D592005849FB /* Pretendard-Black.otf in Resources */ = {isa = PBXBuildFile; fileRef = 5E2219252C69D592005849FB /* Pretendard-Black.otf */; };
		5E22192F2C69D592005849FB /* Pretendard-Regular.otf in Resources */ = {isa = PBXBuildFile; fileRef = 5E2219262C69D592005849FB /* Pretendard-Regular.otf */; };
		5E2219302C69D592005849FB /* Pretendard-SemiBold.otf in Resources */ = {isa = PBXBuildFile; fileRef = 5E2219272C69D592005849FB /* Pretendard-SemiBold.otf */; };
		5E2219312C69D592005849FB /* Pretendard-Light.otf in Resources */ = {isa = PBXBuildFile; fileRef = 5E2219282C69D592005849FB /* Pretendard-Light.otf */; };
		5E2219322C69D592005849FB /* Pretendard-Medium.otf in Resources */ = {isa = PBXBuildFile; fileRef = 5E2219292C69D592005849FB /* Pretendard-Medium.otf */; };
		5E2219332C69D592005849FB /* Pretendard-ExtraBold.otf in Resources */ = {isa = PBXBuildFile; fileRef = 5E22192A2C69D592005849FB /* Pretendard-ExtraBold.otf */; };
		5E2219342C69D592005849FB /* Pretendard-Thin.otf in Resources */ = {isa = PBXBuildFile; fileRef = 5E22192B2C69D592005849FB /* Pretendard-Thin.otf */; };
		5E2219352C69D592005849FB /* Pretendard-ExtraLight.otf in Resources */ = {isa = PBXBuildFile; fileRef = 5E22192C2C69D592005849FB /* Pretendard-ExtraLight.otf */; };
		5E2219372C69D5AE005849FB /* UIColorToHexCode.swift in Sources */ = {isa = PBXBuildFile; fileRef = 5E2219362C69D5AE005849FB /* UIColorToHexCode.swift */; };
		5E2219412C69D5D0005849FB /* CustomTableViewCell.swift in Sources */ = {isa = PBXBuildFile; fileRef = 5E2219382C69D5D0005849FB /* CustomTableViewCell.swift */; };
		5E2219422C69D5D0005849FB /* CustomCommentsCollectionView.swift in Sources */ = {isa = PBXBuildFile; fileRef = 5E2219392C69D5D0005849FB /* CustomCommentsCollectionView.swift */; };
		5E2219432C69D5D0005849FB /* ModalViewController.swift in Sources */ = {isa = PBXBuildFile; fileRef = 5E22193A2C69D5D0005849FB /* ModalViewController.swift */; };
		5E2219442C69D5D0005849FB /* CreateNewCommViewController.swift in Sources */ = {isa = PBXBuildFile; fileRef = 5E22193B2C69D5D0005849FB /* CreateNewCommViewController.swift */; };
		5E2219452C69D5D0005849FB /* CommunityInfoViewController.swift in Sources */ = {isa = PBXBuildFile; fileRef = 5E22193C2C69D5D0005849FB /* CommunityInfoViewController.swift */; };
		5E2219462C69D5D0005849FB /* SearchCommunityViewController.swift in Sources */ = {isa = PBXBuildFile; fileRef = 5E22193D2C69D5D0005849FB /* SearchCommunityViewController.swift */; };
		5E2219472C69D5D0005849FB /* CustomCollectionViewCell.swift in Sources */ = {isa = PBXBuildFile; fileRef = 5E22193E2C69D5D0005849FB /* CustomCollectionViewCell.swift */; };
		5E2219482C69D5D0005849FB /* CommunityListViewController.swift in Sources */ = {isa = PBXBuildFile; fileRef = 5E22193F2C69D5D0005849FB /* CommunityListViewController.swift */; };
		5E2219492C69D5D0005849FB /* CommunityMainViewController.swift in Sources */ = {isa = PBXBuildFile; fileRef = 5E2219402C69D5D0005849FB /* CommunityMainViewController.swift */; };
		5E2219532C69D5E7005849FB /* NoteInfoViewController.swift in Sources */ = {isa = PBXBuildFile; fileRef = 5E22194A2C69D5E7005849FB /* NoteInfoViewController.swift */; };
		5E2219542C69D5E7005849FB /* NoteListViewController.swift in Sources */ = {isa = PBXBuildFile; fileRef = 5E22194B2C69D5E7005849FB /* NoteListViewController.swift */; };
		5E2219552C69D5E7005849FB /* CustomSlider.swift in Sources */ = {isa = PBXBuildFile; fileRef = 5E22194C2C69D5E7005849FB /* CustomSlider.swift */; };
		5E2219562C69D5E7005849FB /* ChooseTasteViewController.swift in Sources */ = {isa = PBXBuildFile; fileRef = 5E22194D2C69D5E7005849FB /* ChooseTasteViewController.swift */; };
		5E2219582C69D5E7005849FB /* PolygonChartView.swift in Sources */ = {isa = PBXBuildFile; fileRef = 5E22194F2C69D5E7005849FB /* PolygonChartView.swift */; };
		5E2219592C69D5E7005849FB /* AddNewNoteViewController.swift in Sources */ = {isa = PBXBuildFile; fileRef = 5E2219502C69D5E7005849FB /* AddNewNoteViewController.swift */; };
		5E22195A2C69D5E7005849FB /* CustomSuggestionCell.swift in Sources */ = {isa = PBXBuildFile; fileRef = 5E2219512C69D5E7005849FB /* CustomSuggestionCell.swift */; };
		5E22195B2C69D5E7005849FB /* WriteNoteViewController.swift in Sources */ = {isa = PBXBuildFile; fileRef = 5E2219522C69D5E7005849FB /* WriteNoteViewController.swift */; };
		5E22195E2C69DDB5005849FB /* SnapKit in Frameworks */ = {isa = PBXBuildFile; productRef = 5E22195D2C69DDB5005849FB /* SnapKit */; };
		5E2219612C69DDBF005849FB /* Alamofire in Frameworks */ = {isa = PBXBuildFile; productRef = 5E2219602C69DDBF005849FB /* Alamofire */; };
		5E2219642C69DE43005849FB /* Moya in Frameworks */ = {isa = PBXBuildFile; productRef = 5E2219632C69DE43005849FB /* Moya */; };
		5E2219672C69DE78005849FB /* KakaoSDK in Frameworks */ = {isa = PBXBuildFile; productRef = 5E2219662C69DE78005849FB /* KakaoSDK */; };
		5E22196A2C69DEEA005849FB /* Toast in Frameworks */ = {isa = PBXBuildFile; productRef = 5E2219692C69DEEA005849FB /* Toast */; };
		5E22196E2C6B2EA0005849FB /* RatingViewController.swift in Sources */ = {isa = PBXBuildFile; fileRef = 5E22196D2C6B2EA0005849FB /* RatingViewController.swift */; };
		5E2219712C6B5B5B005849FB /* Cosmos in Frameworks */ = {isa = PBXBuildFile; productRef = 5E2219702C6B5B5B005849FB /* Cosmos */; };
		5E2219732C6B661A005849FB /* CheckNoteViewController.swift in Sources */ = {isa = PBXBuildFile; fileRef = 5E2219722C6B661A005849FB /* CheckNoteViewController.swift */; };
		5E22197B2C6BB56F005849FB /* SDWebImage in Frameworks */ = {isa = PBXBuildFile; productRef = 5E22197A2C6BB56F005849FB /* SDWebImage */; };
		5E22197D2C6BB56F005849FB /* SDWebImageMapKit in Frameworks */ = {isa = PBXBuildFile; productRef = 5E22197C2C6BB56F005849FB /* SDWebImageMapKit */; };
		5E23147F2C5901BB004E2013 /* (null) in Sources */ = {isa = PBXBuildFile; };
/* End PBXBuildFile section */

/* Begin PBXFileReference section */
		165400DE2C69D6B9008A9DBF /* BasicAPI.swift */ = {isa = PBXFileReference; fileEncoding = 4; lastKnownFileType = sourcecode.swift; path = BasicAPI.swift; sourceTree = "<group>"; };
		165400DF2C69D6B9008A9DBF /* CookiePlugin.swift */ = {isa = PBXFileReference; fileEncoding = 4; lastKnownFileType = sourcecode.swift; path = CookiePlugin.swift; sourceTree = "<group>"; };
		165400E02C69D6B9008A9DBF /* CallMoyaExample.swift */ = {isa = PBXFileReference; fileEncoding = 4; lastKnownFileType = sourcecode.swift; path = CallMoyaExample.swift; sourceTree = "<group>"; };
		165400E42C69DDB6008A9DBF /* LoginAPI.swift */ = {isa = PBXFileReference; lastKnownFileType = sourcecode.swift; path = LoginAPI.swift; sourceTree = "<group>"; };
		165400E62C69DDBE008A9DBF /* TastingNoteAPI.swift */ = {isa = PBXFileReference; lastKnownFileType = sourcecode.swift; path = TastingNoteAPI.swift; sourceTree = "<group>"; };
		165400E82C69DDCB008A9DBF /* WineClassAPI.swift */ = {isa = PBXFileReference; lastKnownFileType = sourcecode.swift; path = WineClassAPI.swift; sourceTree = "<group>"; };
		165400EA2C69DDD9008A9DBF /* WineClassBookmarkAPI.swift */ = {isa = PBXFileReference; lastKnownFileType = sourcecode.swift; path = WineClassBookmarkAPI.swift; sourceTree = "<group>"; };
		165400EC2C69DDF2008A9DBF /* WineNewsAPI.swift */ = {isa = PBXFileReference; lastKnownFileType = sourcecode.swift; path = WineNewsAPI.swift; sourceTree = "<group>"; };
		165400EE2C69DDFF008A9DBF /* WineNewsBookmarkAPI.swift */ = {isa = PBXFileReference; lastKnownFileType = sourcecode.swift; path = WineNewsBookmarkAPI.swift; sourceTree = "<group>"; };
		165400F02C69DE22008A9DBF /* CommunityAPI.swift */ = {isa = PBXFileReference; lastKnownFileType = sourcecode.swift; path = CommunityAPI.swift; sourceTree = "<group>"; };
		165400F22C69DE2D008A9DBF /* CommentsAPI.swift */ = {isa = PBXFileReference; lastKnownFileType = sourcecode.swift; path = CommentsAPI.swift; sourceTree = "<group>"; };
		165400F52C69EF89008A9DBF /* WineNewsRequest.swift */ = {isa = PBXFileReference; lastKnownFileType = sourcecode.swift; path = WineNewsRequest.swift; sourceTree = "<group>"; };
		165400F72C69EFBD008A9DBF /* WineNewsResponse.swift */ = {isa = PBXFileReference; lastKnownFileType = sourcecode.swift; path = WineNewsResponse.swift; sourceTree = "<group>"; };
		165400F92C69F15D008A9DBF /* APIResponseWineNewsResponse.swift */ = {isa = PBXFileReference; lastKnownFileType = sourcecode.swift; path = APIResponseWineNewsResponse.swift; sourceTree = "<group>"; };
		165400FB2C69F1A3008A9DBF /* WineClassRequest.swift */ = {isa = PBXFileReference; lastKnownFileType = sourcecode.swift; path = WineClassRequest.swift; sourceTree = "<group>"; };
		165400FD2C69F218008A9DBF /* APIResponseWineClassResponse.swift */ = {isa = PBXFileReference; lastKnownFileType = sourcecode.swift; path = APIResponseWineClassResponse.swift; sourceTree = "<group>"; };
		165400FF2C69F251008A9DBF /* WineClassResponse.swift */ = {isa = PBXFileReference; lastKnownFileType = sourcecode.swift; path = WineClassResponse.swift; sourceTree = "<group>"; };
		165401032C69FA13008A9DBF /* APIResponseString.swift */ = {isa = PBXFileReference; lastKnownFileType = sourcecode.swift; path = APIResponseString.swift; sourceTree = "<group>"; };
		165401062C6BA5D8008A9DBF /* MemberInfoRequest.swift */ = {isa = PBXFileReference; lastKnownFileType = sourcecode.swift; path = MemberInfoRequest.swift; sourceTree = "<group>"; };
		165401082C6BA644008A9DBF /* MemberInfoAPI.swift */ = {isa = PBXFileReference; lastKnownFileType = sourcecode.swift; path = MemberInfoAPI.swift; sourceTree = "<group>"; };
		1654010A2C6BACDC008A9DBF /* SelectionManager.swift */ = {isa = PBXFileReference; lastKnownFileType = sourcecode.swift; path = SelectionManager.swift; sourceTree = "<group>"; };
		16752F9C2C5A7FB90001907D /* HexCode.swift */ = {isa = PBXFileReference; lastKnownFileType = sourcecode.swift; path = HexCode.swift; sourceTree = "<group>"; };
		16B97CD02C4BEB0900D8B453 /* Drink-EG.app */ = {isa = PBXFileReference; explicitFileType = wrapper.application; includeInIndex = 0; path = "Drink-EG.app"; sourceTree = BUILT_PRODUCTS_DIR; };
		16B97CD32C4BEB0900D8B453 /* AppDelegate.swift */ = {isa = PBXFileReference; lastKnownFileType = sourcecode.swift; path = AppDelegate.swift; sourceTree = "<group>"; };
		16B97CD52C4BEB0900D8B453 /* SceneDelegate.swift */ = {isa = PBXFileReference; lastKnownFileType = sourcecode.swift; path = SceneDelegate.swift; sourceTree = "<group>"; };
		16B97CDC2C4BEB0A00D8B453 /* Assets.xcassets */ = {isa = PBXFileReference; lastKnownFileType = folder.assetcatalog; path = Assets.xcassets; sourceTree = "<group>"; };
		16B97CDF2C4BEB0A00D8B453 /* Base */ = {isa = PBXFileReference; lastKnownFileType = file.storyboard; name = Base; path = Base.lproj/LaunchScreen.storyboard; sourceTree = "<group>"; };
		16B97CEB2C4BF37E00D8B453 /* Constant.swift */ = {isa = PBXFileReference; lastKnownFileType = sourcecode.swift; path = Constant.swift; sourceTree = "<group>"; };
		16B97CFD2C4BFC2300D8B453 /* HomeViewController.swift */ = {isa = PBXFileReference; lastKnownFileType = sourcecode.swift; path = HomeViewController.swift; sourceTree = "<group>"; };
		16B97CFF2C4BFC7300D8B453 /* ShoppingCartListViewController.swift */ = {isa = PBXFileReference; lastKnownFileType = sourcecode.swift; path = ShoppingCartListViewController.swift; sourceTree = "<group>"; };
		16B97D012C4BFC9800D8B453 /* SearchHomeViewController.swift */ = {isa = PBXFileReference; lastKnownFileType = sourcecode.swift; path = SearchHomeViewController.swift; sourceTree = "<group>"; };
		16B97D032C4C0CD700D8B453 /* WineInfoViewController.swift */ = {isa = PBXFileReference; lastKnownFileType = sourcecode.swift; path = WineInfoViewController.swift; sourceTree = "<group>"; };
		16B97D052C4C0CF800D8B453 /* WineStoreListViewController.swift */ = {isa = PBXFileReference; lastKnownFileType = sourcecode.swift; path = WineStoreListViewController.swift; sourceTree = "<group>"; };
		16B97D072C4C0D8100D8B453 /* WineOrderViewController.swift */ = {isa = PBXFileReference; lastKnownFileType = sourcecode.swift; path = WineOrderViewController.swift; sourceTree = "<group>"; };
		16B97D112C4C0F2400D8B453 /* WineClassMainViewController.swift */ = {isa = PBXFileReference; lastKnownFileType = sourcecode.swift; path = WineClassMainViewController.swift; sourceTree = "<group>"; };
		16B97D132C4C0F4100D8B453 /* ClassVideoViewController.swift */ = {isa = PBXFileReference; lastKnownFileType = sourcecode.swift; path = ClassVideoViewController.swift; sourceTree = "<group>"; };
		16B97D152C4C0F6400D8B453 /* SavingVideoViewController.swift */ = {isa = PBXFileReference; lastKnownFileType = sourcecode.swift; path = SavingVideoViewController.swift; sourceTree = "<group>"; };
		16B97D172C4C0F6E00D8B453 /* SearchVideoViewController.swift */ = {isa = PBXFileReference; lastKnownFileType = sourcecode.swift; path = SearchVideoViewController.swift; sourceTree = "<group>"; };
		1F205A302C68BB5200E80659 /* CartListCollectionViewCell.swift */ = {isa = PBXFileReference; lastKnownFileType = sourcecode.swift; path = CartListCollectionViewCell.swift; sourceTree = "<group>"; };
		1F205A322C69FE9800E80659 /* JoinNLoginRequest.swift */ = {isa = PBXFileReference; lastKnownFileType = sourcecode.swift; path = JoinNLoginRequest.swift; sourceTree = "<group>"; };
		1F205A362C6A71BC00E80659 /* APIResponseLoginResponse.swift */ = {isa = PBXFileReference; lastKnownFileType = sourcecode.swift; path = APIResponseLoginResponse.swift; sourceTree = "<group>"; };
		1F205A382C6B33F700E80659 /* ThirdKindTasteTestViewController.swift */ = {isa = PBXFileReference; lastKnownFileType = sourcecode.swift; path = ThirdKindTasteTestViewController.swift; sourceTree = "<group>"; };
		1F205A3A2C6B343300E80659 /* ThirdNationTasteTestViewController.swift */ = {isa = PBXFileReference; lastKnownFileType = sourcecode.swift; path = ThirdNationTasteTestViewController.swift; sourceTree = "<group>"; };
		1F205A3C2C6B34A300E80659 /* ThirdVarietyTasteTestViewController.swift */ = {isa = PBXFileReference; lastKnownFileType = sourcecode.swift; path = ThirdVarietyTasteTestViewController.swift; sourceTree = "<group>"; };
		1F205A3E2C6B37BF00E80659 /* TasteTestFirstCollectionViewCell.swift */ = {isa = PBXFileReference; lastKnownFileType = sourcecode.swift; path = TasteTestFirstCollectionViewCell.swift; sourceTree = "<group>"; };
		1F205A402C6B540600E80659 /* TasteTestSecondCollectionViewCell.swift */ = {isa = PBXFileReference; lastKnownFileType = sourcecode.swift; path = TasteTestSecondCollectionViewCell.swift; sourceTree = "<group>"; };
		1F205A422C6B66EB00E80659 /* TasteTestThirdCollectionViewCell.swift */ = {isa = PBXFileReference; lastKnownFileType = sourcecode.swift; path = TasteTestThirdCollectionViewCell.swift; sourceTree = "<group>"; };
		1F205A442C6B707C00E80659 /* WhatsURNameViewController.swift */ = {isa = PBXFileReference; lastKnownFileType = sourcecode.swift; path = WhatsURNameViewController.swift; sourceTree = "<group>"; };
		1F3CEAD52C669FD2002A4BC0 /* WineListCollectionViewCell.swift */ = {isa = PBXFileReference; lastKnownFileType = sourcecode.swift; path = WineListCollectionViewCell.swift; sourceTree = "<group>"; };
		1F598EE92C5227C5000CE79F /* AdImageCollectionViewCell.swift */ = {isa = PBXFileReference; lastKnownFileType = sourcecode.swift; path = AdImageCollectionViewCell.swift; sourceTree = "<group>"; };
		1F598EEB2C524D2E000CE79F /* RecomCollectionViewCell.swift */ = {isa = PBXFileReference; lastKnownFileType = sourcecode.swift; path = RecomCollectionViewCell.swift; sourceTree = "<group>"; };
		1F598EFA2C5814F9000CE79F /* EnterLoginViewController.swift */ = {isa = PBXFileReference; lastKnownFileType = sourcecode.swift; path = EnterLoginViewController.swift; sourceTree = "<group>"; };
		1F598EFC2C58150E000CE79F /* JoinViewController.swift */ = {isa = PBXFileReference; lastKnownFileType = sourcecode.swift; path = JoinViewController.swift; sourceTree = "<group>"; };
		1F598EFE2C58151B000CE79F /* SelectLoginViewController.swift */ = {isa = PBXFileReference; lastKnownFileType = sourcecode.swift; path = SelectLoginViewController.swift; sourceTree = "<group>"; };
		1F598F002C581573000CE79F /* LoginViewController.swift */ = {isa = PBXFileReference; lastKnownFileType = sourcecode.swift; path = LoginViewController.swift; sourceTree = "<group>"; };
		1F598F022C581A7D000CE79F /* StartLoginCollectionViewCell.swift */ = {isa = PBXFileReference; lastKnownFileType = sourcecode.swift; path = StartLoginCollectionViewCell.swift; sourceTree = "<group>"; };
		1F598F0A2C5CBD9E000CE79F /* EnterTasteTestViewController.swift */ = {isa = PBXFileReference; lastKnownFileType = sourcecode.swift; path = EnterTasteTestViewController.swift; sourceTree = "<group>"; };
		1F598F0E2C5CBE70000CE79F /* FirstTasteTestViewController.swift */ = {isa = PBXFileReference; lastKnownFileType = sourcecode.swift; path = FirstTasteTestViewController.swift; sourceTree = "<group>"; };
		1F598F102C5CBE7A000CE79F /* SecondTasteTestViewController.swift */ = {isa = PBXFileReference; lastKnownFileType = sourcecode.swift; path = SecondTasteTestViewController.swift; sourceTree = "<group>"; };
		1F8DE5762C4D4ED700961A59 /* MainTabBarViewController.swift */ = {isa = PBXFileReference; lastKnownFileType = sourcecode.swift; path = MainTabBarViewController.swift; sourceTree = "<group>"; };
		1F8DE5782C4D5A4D00961A59 /* SettingMainController.swift */ = {isa = PBXFileReference; lastKnownFileType = sourcecode.swift; name = SettingMainController.swift; path = "Drink-EG/Sources/VCs/Main/SettingMainController.swift"; sourceTree = SOURCE_ROOT; };
		1F8F99F22C6F386B00EAEF6C /* SearchAPI.swift */ = {isa = PBXFileReference; lastKnownFileType = sourcecode.swift; path = SearchAPI.swift; sourceTree = "<group>"; };
		1F8F99F42C6F40F400EAEF6C /* APIResponseWineSearchResponse.swift */ = {isa = PBXFileReference; lastKnownFileType = sourcecode.swift; path = APIResponseWineSearchResponse.swift; sourceTree = "<group>"; };
		1F8F99F72C6F52C600EAEF6C /* WineSearchResponse.swift */ = {isa = PBXFileReference; lastKnownFileType = sourcecode.swift; path = WineSearchResponse.swift; sourceTree = "<group>"; };
		1F8F99F92C6F538300EAEF6C /* WineInfoResponse.swift */ = {isa = PBXFileReference; lastKnownFileType = sourcecode.swift; path = WineInfoResponse.swift; sourceTree = "<group>"; };
		1F8F99FB2C6F53A300EAEF6C /* APIResponseWineInfoResponse.swift */ = {isa = PBXFileReference; lastKnownFileType = sourcecode.swift; path = APIResponseWineInfoResponse.swift; sourceTree = "<group>"; };
		1FBD19522C6CFABB005C16A8 /* WineShopListCollectionViewCell.swift */ = {isa = PBXFileReference; lastKnownFileType = sourcecode.swift; path = WineShopListCollectionViewCell.swift; sourceTree = "<group>"; };
		1FBD19542C6D2BF7005C16A8 /* ReviewListViewController.swift */ = {isa = PBXFileReference; lastKnownFileType = sourcecode.swift; path = ReviewListViewController.swift; sourceTree = "<group>"; };
		1FBD19562C6DDBAB005C16A8 /* ReviewListCollectionViewCell.swift */ = {isa = PBXFileReference; lastKnownFileType = sourcecode.swift; path = ReviewListCollectionViewCell.swift; sourceTree = "<group>"; };
		5E2219242C69D592005849FB /* Pretendard-Bold.otf */ = {isa = PBXFileReference; lastKnownFileType = file; path = "Pretendard-Bold.otf"; sourceTree = "<group>"; };
		5E2219252C69D592005849FB /* Pretendard-Black.otf */ = {isa = PBXFileReference; lastKnownFileType = file; path = "Pretendard-Black.otf"; sourceTree = "<group>"; };
		5E2219262C69D592005849FB /* Pretendard-Regular.otf */ = {isa = PBXFileReference; lastKnownFileType = file; path = "Pretendard-Regular.otf"; sourceTree = "<group>"; };
		5E2219272C69D592005849FB /* Pretendard-SemiBold.otf */ = {isa = PBXFileReference; lastKnownFileType = file; path = "Pretendard-SemiBold.otf"; sourceTree = "<group>"; };
		5E2219282C69D592005849FB /* Pretendard-Light.otf */ = {isa = PBXFileReference; lastKnownFileType = file; path = "Pretendard-Light.otf"; sourceTree = "<group>"; };
		5E2219292C69D592005849FB /* Pretendard-Medium.otf */ = {isa = PBXFileReference; lastKnownFileType = file; path = "Pretendard-Medium.otf"; sourceTree = "<group>"; };
		5E22192A2C69D592005849FB /* Pretendard-ExtraBold.otf */ = {isa = PBXFileReference; lastKnownFileType = file; path = "Pretendard-ExtraBold.otf"; sourceTree = "<group>"; };
		5E22192B2C69D592005849FB /* Pretendard-Thin.otf */ = {isa = PBXFileReference; lastKnownFileType = file; path = "Pretendard-Thin.otf"; sourceTree = "<group>"; };
		5E22192C2C69D592005849FB /* Pretendard-ExtraLight.otf */ = {isa = PBXFileReference; lastKnownFileType = file; path = "Pretendard-ExtraLight.otf"; sourceTree = "<group>"; };
		5E2219362C69D5AE005849FB /* UIColorToHexCode.swift */ = {isa = PBXFileReference; fileEncoding = 4; lastKnownFileType = sourcecode.swift; path = UIColorToHexCode.swift; sourceTree = "<group>"; };
		5E2219382C69D5D0005849FB /* CustomTableViewCell.swift */ = {isa = PBXFileReference; fileEncoding = 4; lastKnownFileType = sourcecode.swift; path = CustomTableViewCell.swift; sourceTree = "<group>"; };
		5E2219392C69D5D0005849FB /* CustomCommentsCollectionView.swift */ = {isa = PBXFileReference; fileEncoding = 4; lastKnownFileType = sourcecode.swift; path = CustomCommentsCollectionView.swift; sourceTree = "<group>"; };
		5E22193A2C69D5D0005849FB /* ModalViewController.swift */ = {isa = PBXFileReference; fileEncoding = 4; lastKnownFileType = sourcecode.swift; path = ModalViewController.swift; sourceTree = "<group>"; };
		5E22193B2C69D5D0005849FB /* CreateNewCommViewController.swift */ = {isa = PBXFileReference; fileEncoding = 4; lastKnownFileType = sourcecode.swift; path = CreateNewCommViewController.swift; sourceTree = "<group>"; };
		5E22193C2C69D5D0005849FB /* CommunityInfoViewController.swift */ = {isa = PBXFileReference; fileEncoding = 4; lastKnownFileType = sourcecode.swift; path = CommunityInfoViewController.swift; sourceTree = "<group>"; };
		5E22193D2C69D5D0005849FB /* SearchCommunityViewController.swift */ = {isa = PBXFileReference; fileEncoding = 4; lastKnownFileType = sourcecode.swift; path = SearchCommunityViewController.swift; sourceTree = "<group>"; };
		5E22193E2C69D5D0005849FB /* CustomCollectionViewCell.swift */ = {isa = PBXFileReference; fileEncoding = 4; lastKnownFileType = sourcecode.swift; path = CustomCollectionViewCell.swift; sourceTree = "<group>"; };
		5E22193F2C69D5D0005849FB /* CommunityListViewController.swift */ = {isa = PBXFileReference; fileEncoding = 4; lastKnownFileType = sourcecode.swift; path = CommunityListViewController.swift; sourceTree = "<group>"; };
		5E2219402C69D5D0005849FB /* CommunityMainViewController.swift */ = {isa = PBXFileReference; fileEncoding = 4; lastKnownFileType = sourcecode.swift; path = CommunityMainViewController.swift; sourceTree = "<group>"; };
		5E22194A2C69D5E7005849FB /* NoteInfoViewController.swift */ = {isa = PBXFileReference; fileEncoding = 4; lastKnownFileType = sourcecode.swift; name = NoteInfoViewController.swift; path = ../NoteInfoViewController.swift; sourceTree = "<group>"; };
		5E22194B2C69D5E7005849FB /* NoteListViewController.swift */ = {isa = PBXFileReference; fileEncoding = 4; lastKnownFileType = sourcecode.swift; name = NoteListViewController.swift; path = ../NoteListViewController.swift; sourceTree = "<group>"; };
		5E22194C2C69D5E7005849FB /* CustomSlider.swift */ = {isa = PBXFileReference; fileEncoding = 4; lastKnownFileType = sourcecode.swift; path = CustomSlider.swift; sourceTree = "<group>"; };
		5E22194D2C69D5E7005849FB /* ChooseTasteViewController.swift */ = {isa = PBXFileReference; fileEncoding = 4; lastKnownFileType = sourcecode.swift; name = ChooseTasteViewController.swift; path = ../ChooseTasteViewController.swift; sourceTree = "<group>"; };
		5E22194F2C69D5E7005849FB /* PolygonChartView.swift */ = {isa = PBXFileReference; fileEncoding = 4; lastKnownFileType = sourcecode.swift; name = PolygonChartView.swift; path = ../PolygonChartView.swift; sourceTree = "<group>"; };
		5E2219502C69D5E7005849FB /* AddNewNoteViewController.swift */ = {isa = PBXFileReference; fileEncoding = 4; lastKnownFileType = sourcecode.swift; name = AddNewNoteViewController.swift; path = ../AddNewNoteViewController.swift; sourceTree = "<group>"; };
		5E2219512C69D5E7005849FB /* CustomSuggestionCell.swift */ = {isa = PBXFileReference; fileEncoding = 4; lastKnownFileType = sourcecode.swift; path = CustomSuggestionCell.swift; sourceTree = "<group>"; };
		5E2219522C69D5E7005849FB /* WriteNoteViewController.swift */ = {isa = PBXFileReference; fileEncoding = 4; lastKnownFileType = sourcecode.swift; name = WriteNoteViewController.swift; path = ../WriteNoteViewController.swift; sourceTree = "<group>"; };
		5E22196B2C6B2416005849FB /* Info.plist */ = {isa = PBXFileReference; fileEncoding = 4; lastKnownFileType = text.plist.xml; path = Info.plist; sourceTree = "<group>"; };
		5E22196D2C6B2EA0005849FB /* RatingViewController.swift */ = {isa = PBXFileReference; lastKnownFileType = sourcecode.swift; path = RatingViewController.swift; sourceTree = "<group>"; };
		5E2219722C6B661A005849FB /* CheckNoteViewController.swift */ = {isa = PBXFileReference; lastKnownFileType = sourcecode.swift; path = CheckNoteViewController.swift; sourceTree = "<group>"; };
/* End PBXFileReference section */

/* Begin PBXFrameworksBuildPhase section */
		16B97CCD2C4BEB0900D8B453 /* Frameworks */ = {
			isa = PBXFrameworksBuildPhase;
			buildActionMask = 2147483647;
			files = (
				5E2219712C6B5B5B005849FB /* Cosmos in Frameworks */,
				5E22195E2C69DDB5005849FB /* SnapKit in Frameworks */,
				5E2219672C69DE78005849FB /* KakaoSDK in Frameworks */,
				5E22197B2C6BB56F005849FB /* SDWebImage in Frameworks */,
				5E2219612C69DDBF005849FB /* Alamofire in Frameworks */,
				5E22196A2C69DEEA005849FB /* Toast in Frameworks */,
				5E22197D2C6BB56F005849FB /* SDWebImageMapKit in Frameworks */,
				5E2219642C69DE43005849FB /* Moya in Frameworks */,
			);
			runOnlyForDeploymentPostprocessing = 0;
		};
/* End PBXFrameworksBuildPhase section */

/* Begin PBXGroup section */
		165400F42C69EEE6008A9DBF /* Datas */ = {
			isa = PBXGroup;
			children = (
				1F8F99F62C6F52A100EAEF6C /* Search */,
				165401022C69F305008A9DBF /* WineClass */,
				165401012C69F297008A9DBF /* WineNews */,
				1F205A322C69FE9800E80659 /* JoinNLoginRequest.swift */,
				165401062C6BA5D8008A9DBF /* MemberInfoRequest.swift */,
			);
			path = Datas;
			sourceTree = "<group>";
		};
		165401012C69F297008A9DBF /* WineNews */ = {
			isa = PBXGroup;
			children = (
				165400F52C69EF89008A9DBF /* WineNewsRequest.swift */,
				165400F72C69EFBD008A9DBF /* WineNewsResponse.swift */,
			);
			path = WineNews;
			sourceTree = "<group>";
		};
		165401022C69F305008A9DBF /* WineClass */ = {
			isa = PBXGroup;
			children = (
				165400FB2C69F1A3008A9DBF /* WineClassRequest.swift */,
				165400FF2C69F251008A9DBF /* WineClassResponse.swift */,
			);
			path = WineClass;
			sourceTree = "<group>";
		};
		165401052C69FA97008A9DBF /* APIResponseModels */ = {
			isa = PBXGroup;
			children = (
				165401032C69FA13008A9DBF /* APIResponseString.swift */,
				165400F92C69F15D008A9DBF /* APIResponseWineNewsResponse.swift */,
				165400FD2C69F218008A9DBF /* APIResponseWineClassResponse.swift */,
				1F205A362C6A71BC00E80659 /* APIResponseLoginResponse.swift */,
				1F8F99F42C6F40F400EAEF6C /* APIResponseWineSearchResponse.swift */,
				1F8F99FB2C6F53A300EAEF6C /* APIResponseWineInfoResponse.swift */,
			);
			path = APIResponseModels;
			sourceTree = "<group>";
		};
		16B97CC72C4BEB0900D8B453 = {
			isa = PBXGroup;
			children = (
				16B97CD22C4BEB0900D8B453 /* Drink-EG */,
				16B97CD12C4BEB0900D8B453 /* Products */,
			);
			sourceTree = "<group>";
		};
		16B97CD12C4BEB0900D8B453 /* Products */ = {
			isa = PBXGroup;
			children = (
				16B97CD02C4BEB0900D8B453 /* Drink-EG.app */,
			);
			name = Products;
			sourceTree = "<group>";
		};
		16B97CD22C4BEB0900D8B453 /* Drink-EG */ = {
			isa = PBXGroup;
			children = (
				5E22196B2C6B2416005849FB /* Info.plist */,
				16B97CEA2C4BF36300D8B453 /* Resources */,
				16B97CF02C4BF3F100D8B453 /* Sources */,
				16B97CDE2C4BEB0A00D8B453 /* LaunchScreen.storyboard */,
			);
			path = "Drink-EG";
			sourceTree = "<group>";
		};
		16B97CEA2C4BF36300D8B453 /* Resources */ = {
			isa = PBXGroup;
			children = (
				16B97CD52C4BEB0900D8B453 /* SceneDelegate.swift */,
				16B97CD32C4BEB0900D8B453 /* AppDelegate.swift */,
				16B97CDC2C4BEB0A00D8B453 /* Assets.xcassets */,
				16B97CEB2C4BF37E00D8B453 /* Constant.swift */,
				16B97CEF2C4BF3E400D8B453 /* APIs */,
				16B97CED2C4BF3B700D8B453 /* Extensions */,
				16B97CEE2C4BF3D200D8B453 /* Fonts */,
			);
			path = Resources;
			sourceTree = "<group>";
		};
		16B97CED2C4BF3B700D8B453 /* Extensions */ = {
			isa = PBXGroup;
			children = (
				16752F9C2C5A7FB90001907D /* HexCode.swift */,
				5E2219362C69D5AE005849FB /* UIColorToHexCode.swift */,
			);
			path = Extensions;
			sourceTree = "<group>";
		};
		16B97CEE2C4BF3D200D8B453 /* Fonts */ = {
			isa = PBXGroup;
			children = (
				5E2219252C69D592005849FB /* Pretendard-Black.otf */,
				5E2219242C69D592005849FB /* Pretendard-Bold.otf */,
				5E22192A2C69D592005849FB /* Pretendard-ExtraBold.otf */,
				5E22192C2C69D592005849FB /* Pretendard-ExtraLight.otf */,
				5E2219282C69D592005849FB /* Pretendard-Light.otf */,
				5E2219292C69D592005849FB /* Pretendard-Medium.otf */,
				5E2219262C69D592005849FB /* Pretendard-Regular.otf */,
				5E2219272C69D592005849FB /* Pretendard-SemiBold.otf */,
				5E22192B2C69D592005849FB /* Pretendard-Thin.otf */,
			);
			path = Fonts;
			sourceTree = "<group>";
		};
		16B97CEF2C4BF3E400D8B453 /* APIs */ = {
			isa = PBXGroup;
			children = (
				165400DF2C69D6B9008A9DBF /* CookiePlugin.swift */,
				165400DE2C69D6B9008A9DBF /* BasicAPI.swift */,
				165400E02C69D6B9008A9DBF /* CallMoyaExample.swift */,
				165400E42C69DDB6008A9DBF /* LoginAPI.swift */,
				165400E62C69DDBE008A9DBF /* TastingNoteAPI.swift */,
				165400E82C69DDCB008A9DBF /* WineClassAPI.swift */,
				165400EA2C69DDD9008A9DBF /* WineClassBookmarkAPI.swift */,
				165400EC2C69DDF2008A9DBF /* WineNewsAPI.swift */,
				165400EE2C69DDFF008A9DBF /* WineNewsBookmarkAPI.swift */,
				165400F02C69DE22008A9DBF /* CommunityAPI.swift */,
				165400F22C69DE2D008A9DBF /* CommentsAPI.swift */,
				165401082C6BA644008A9DBF /* MemberInfoAPI.swift */,
				1F8F99F22C6F386B00EAEF6C /* SearchAPI.swift */,
			);
			path = APIs;
			sourceTree = "<group>";
		};
		16B97CF02C4BF3F100D8B453 /* Sources */ = {
			isa = PBXGroup;
			children = (
				165400F42C69EEE6008A9DBF /* Datas */,
				16B97CF42C4BF40900D8B453 /* Cells */,
				16B97CF32C4BF40100D8B453 /* Protocols */,
				16B97CF22C4BF3FC00D8B453 /* Models */,
				16B97CF12C4BF3F700D8B453 /* VCs */,
			);
			path = Sources;
			sourceTree = "<group>";
		};
		16B97CF12C4BF3F700D8B453 /* VCs */ = {
			isa = PBXGroup;
			children = (
				1F598EF02C581376000CE79F /* TasteTest */,
				1F598EEF2C58136B000CE79F /* Login */,
				16B97CF52C4BFAEC00D8B453 /* Default */,
				16B97CFC2C4BFBD300D8B453 /* Main */,
				16B97CF62C4BFAFD00D8B453 /* Search */,
				16B97CF72C4BFB0900D8B453 /* TastingNote */,
				16B97CF82C4BFB2400D8B453 /* WineClass */,
				16B97CF92C4BFB4700D8B453 /* Community */,
				16B97CFB2C4BFB5E00D8B453 /* Settings */,
			);
			path = VCs;
			sourceTree = "<group>";
		};
		16B97CF22C4BF3FC00D8B453 /* Models */ = {
			isa = PBXGroup;
			children = (
				165401052C69FA97008A9DBF /* APIResponseModels */,
				1654010A2C6BACDC008A9DBF /* SelectionManager.swift */,
			);
			path = Models;
			sourceTree = "<group>";
		};
		16B97CF32C4BF40100D8B453 /* Protocols */ = {
			isa = PBXGroup;
			children = (
			);
			path = Protocols;
			sourceTree = "<group>";
		};
		16B97CF42C4BF40900D8B453 /* Cells */ = {
			isa = PBXGroup;
			children = (
			);
			path = Cells;
			sourceTree = "<group>";
		};
		16B97CF52C4BFAEC00D8B453 /* Default */ = {
			isa = PBXGroup;
			children = (
			);
			path = Default;
			sourceTree = "<group>";
		};
		16B97CF62C4BFAFD00D8B453 /* Search */ = {
			isa = PBXGroup;
			children = (
				16B97D012C4BFC9800D8B453 /* SearchHomeViewController.swift */,
				16B97D032C4C0CD700D8B453 /* WineInfoViewController.swift */,
				16B97D052C4C0CF800D8B453 /* WineStoreListViewController.swift */,
				16B97D072C4C0D8100D8B453 /* WineOrderViewController.swift */,
				1F3CEAD52C669FD2002A4BC0 /* WineListCollectionViewCell.swift */,
				1FBD19522C6CFABB005C16A8 /* WineShopListCollectionViewCell.swift */,
				1FBD19542C6D2BF7005C16A8 /* ReviewListViewController.swift */,
				1FBD19562C6DDBAB005C16A8 /* ReviewListCollectionViewCell.swift */,
			);
			path = Search;
			sourceTree = "<group>";
		};
		16B97CF72C4BFB0900D8B453 /* TastingNote */ = {
			isa = PBXGroup;
			children = (
				5E22194B2C69D5E7005849FB /* NoteListViewController.swift */,
				5E2219502C69D5E7005849FB /* AddNewNoteViewController.swift */,
				5E2219522C69D5E7005849FB /* WriteNoteViewController.swift */,
				5E22194A2C69D5E7005849FB /* NoteInfoViewController.swift */,
				5E22194D2C69D5E7005849FB /* ChooseTasteViewController.swift */,
				5E22196D2C6B2EA0005849FB /* RatingViewController.swift */,
				5E2219722C6B661A005849FB /* CheckNoteViewController.swift */,
				5E22194C2C69D5E7005849FB /* CustomSlider.swift */,
				5E2219512C69D5E7005849FB /* CustomSuggestionCell.swift */,
				5E22194F2C69D5E7005849FB /* PolygonChartView.swift */,
			);
			path = TastingNote;
			sourceTree = "<group>";
		};
		16B97CF82C4BFB2400D8B453 /* WineClass */ = {
			isa = PBXGroup;
			children = (
				16B97D112C4C0F2400D8B453 /* WineClassMainViewController.swift */,
				16B97D132C4C0F4100D8B453 /* ClassVideoViewController.swift */,
				16B97D152C4C0F6400D8B453 /* SavingVideoViewController.swift */,
				16B97D172C4C0F6E00D8B453 /* SearchVideoViewController.swift */,
			);
			path = WineClass;
			sourceTree = "<group>";
		};
		16B97CF92C4BFB4700D8B453 /* Community */ = {
			isa = PBXGroup;
			children = (
				5E2219402C69D5D0005849FB /* CommunityMainViewController.swift */,
				5E22193C2C69D5D0005849FB /* CommunityInfoViewController.swift */,
				5E22193F2C69D5D0005849FB /* CommunityListViewController.swift */,
				5E22193B2C69D5D0005849FB /* CreateNewCommViewController.swift */,
				5E22193E2C69D5D0005849FB /* CustomCollectionViewCell.swift */,
				5E2219392C69D5D0005849FB /* CustomCommentsCollectionView.swift */,
				5E2219382C69D5D0005849FB /* CustomTableViewCell.swift */,
				5E22193A2C69D5D0005849FB /* ModalViewController.swift */,
				5E22193D2C69D5D0005849FB /* SearchCommunityViewController.swift */,
			);
			path = Community;
			sourceTree = "<group>";
		};
		16B97CFB2C4BFB5E00D8B453 /* Settings */ = {
			isa = PBXGroup;
			children = (
				1F8DE5782C4D5A4D00961A59 /* SettingMainController.swift */,
			);
			path = Settings;
			sourceTree = "<group>";
		};
		16B97CFC2C4BFBD300D8B453 /* Main */ = {
			isa = PBXGroup;
			children = (
				16B97CFD2C4BFC2300D8B453 /* HomeViewController.swift */,
				16B97CFF2C4BFC7300D8B453 /* ShoppingCartListViewController.swift */,
				1F8DE5762C4D4ED700961A59 /* MainTabBarViewController.swift */,
				1F598EE92C5227C5000CE79F /* AdImageCollectionViewCell.swift */,
				1F598EEB2C524D2E000CE79F /* RecomCollectionViewCell.swift */,
				1F205A302C68BB5200E80659 /* CartListCollectionViewCell.swift */,
			);
			path = Main;
			sourceTree = "<group>";
		};
		1F598EEF2C58136B000CE79F /* Login */ = {
			isa = PBXGroup;
			children = (
				1F598EFA2C5814F9000CE79F /* EnterLoginViewController.swift */,
				1F598EFC2C58150E000CE79F /* JoinViewController.swift */,
				1F598EFE2C58151B000CE79F /* SelectLoginViewController.swift */,
				1F598F002C581573000CE79F /* LoginViewController.swift */,
				1F598F022C581A7D000CE79F /* StartLoginCollectionViewCell.swift */,
			);
			path = Login;
			sourceTree = "<group>";
		};
		1F598EF02C581376000CE79F /* TasteTest */ = {
			isa = PBXGroup;
			children = (
				1F598F0A2C5CBD9E000CE79F /* EnterTasteTestViewController.swift */,
				1F598F0E2C5CBE70000CE79F /* FirstTasteTestViewController.swift */,
				1F598F102C5CBE7A000CE79F /* SecondTasteTestViewController.swift */,
				1F205A382C6B33F700E80659 /* ThirdKindTasteTestViewController.swift */,
				1F205A3A2C6B343300E80659 /* ThirdNationTasteTestViewController.swift */,
				1F205A3C2C6B34A300E80659 /* ThirdVarietyTasteTestViewController.swift */,
				1F205A3E2C6B37BF00E80659 /* TasteTestFirstCollectionViewCell.swift */,
				1F205A402C6B540600E80659 /* TasteTestSecondCollectionViewCell.swift */,
				1F205A422C6B66EB00E80659 /* TasteTestThirdCollectionViewCell.swift */,
				1F205A442C6B707C00E80659 /* WhatsURNameViewController.swift */,
			);
			path = TasteTest;
			sourceTree = "<group>";
		};
		1F8F99F62C6F52A100EAEF6C /* Search */ = {
			isa = PBXGroup;
			children = (
				1F8F99F72C6F52C600EAEF6C /* WineSearchResponse.swift */,
				1F8F99F92C6F538300EAEF6C /* WineInfoResponse.swift */,
			);
			path = Search;
			sourceTree = "<group>";
		};
/* End PBXGroup section */

/* Begin PBXNativeTarget section */
		16B97CCF2C4BEB0900D8B453 /* Drink-EG */ = {
			isa = PBXNativeTarget;
			buildConfigurationList = 16B97CE42C4BEB0A00D8B453 /* Build configuration list for PBXNativeTarget "Drink-EG" */;
			buildPhases = (
				16B97CCC2C4BEB0900D8B453 /* Sources */,
				16B97CCD2C4BEB0900D8B453 /* Frameworks */,
				16B97CCE2C4BEB0900D8B453 /* Resources */,
			);
			buildRules = (
			);
			dependencies = (
			);
			name = "Drink-EG";
			packageProductDependencies = (
				5E22195D2C69DDB5005849FB /* SnapKit */,
				5E2219602C69DDBF005849FB /* Alamofire */,
				5E2219632C69DE43005849FB /* Moya */,
				5E2219662C69DE78005849FB /* KakaoSDK */,
				5E2219692C69DEEA005849FB /* Toast */,
				5E2219702C6B5B5B005849FB /* Cosmos */,
				5E22197A2C6BB56F005849FB /* SDWebImage */,
				5E22197C2C6BB56F005849FB /* SDWebImageMapKit */,
			);
			productName = "Drink-EG";
			productReference = 16B97CD02C4BEB0900D8B453 /* Drink-EG.app */;
			productType = "com.apple.product-type.application";
		};
/* End PBXNativeTarget section */

/* Begin PBXProject section */
		16B97CC82C4BEB0900D8B453 /* Project object */ = {
			isa = PBXProject;
			attributes = {
				BuildIndependentTargetsInParallel = 1;
				LastSwiftUpdateCheck = 1540;
				LastUpgradeCheck = 1540;
				TargetAttributes = {
					16B97CCF2C4BEB0900D8B453 = {
						CreatedOnToolsVersion = 15.4;
					};
				};
			};
			buildConfigurationList = 16B97CCB2C4BEB0900D8B453 /* Build configuration list for PBXProject "Drink-EG" */;
			compatibilityVersion = "Xcode 14.0";
			developmentRegion = en;
			hasScannedForEncodings = 0;
			knownRegions = (
				en,
				Base,
			);
			mainGroup = 16B97CC72C4BEB0900D8B453;
			packageReferences = (
				5E22195C2C69DDB5005849FB /* XCRemoteSwiftPackageReference "SnapKit" */,
				5E22195F2C69DDBF005849FB /* XCRemoteSwiftPackageReference "Alamofire" */,
				5E2219622C69DE43005849FB /* XCRemoteSwiftPackageReference "Moya" */,
				5E2219652C69DE78005849FB /* XCRemoteSwiftPackageReference "kakao-ios-sdk" */,
				5E2219682C69DEEA005849FB /* XCRemoteSwiftPackageReference "Toast-Swift" */,
				5E22196F2C6B5B5B005849FB /* XCRemoteSwiftPackageReference "Cosmos" */,
				5E2219792C6BB56F005849FB /* XCRemoteSwiftPackageReference "SDWebImage" */,
			);
			productRefGroup = 16B97CD12C4BEB0900D8B453 /* Products */;
			projectDirPath = "";
			projectRoot = "";
			targets = (
				16B97CCF2C4BEB0900D8B453 /* Drink-EG */,
			);
		};
/* End PBXProject section */

/* Begin PBXResourcesBuildPhase section */
		16B97CCE2C4BEB0900D8B453 /* Resources */ = {
			isa = PBXResourcesBuildPhase;
			buildActionMask = 2147483647;
			files = (
				16B97CDD2C4BEB0A00D8B453 /* Assets.xcassets in Resources */,
				5E2219342C69D592005849FB /* Pretendard-Thin.otf in Resources */,
				5E22192D2C69D592005849FB /* Pretendard-Bold.otf in Resources */,
				5E2219332C69D592005849FB /* Pretendard-ExtraBold.otf in Resources */,
				5E22192F2C69D592005849FB /* Pretendard-Regular.otf in Resources */,
				5E2219322C69D592005849FB /* Pretendard-Medium.otf in Resources */,
				5E2219302C69D592005849FB /* Pretendard-SemiBold.otf in Resources */,
				5E2219312C69D592005849FB /* Pretendard-Light.otf in Resources */,
				5E22192E2C69D592005849FB /* Pretendard-Black.otf in Resources */,
				16B97CE02C4BEB0A00D8B453 /* Base in Resources */,
				5E2219352C69D592005849FB /* Pretendard-ExtraLight.otf in Resources */,
			);
			runOnlyForDeploymentPostprocessing = 0;
		};
/* End PBXResourcesBuildPhase section */

/* Begin PBXSourcesBuildPhase section */
		16B97CCC2C4BEB0900D8B453 /* Sources */ = {
			isa = PBXSourcesBuildPhase;
			buildActionMask = 2147483647;
			files = (
				16B97D042C4C0CD700D8B453 /* WineInfoViewController.swift in Sources */,
				1F205A392C6B33F700E80659 /* ThirdKindTasteTestViewController.swift in Sources */,
				165400E22C69D6B9008A9DBF /* CookiePlugin.swift in Sources */,
				1F598F0F2C5CBE70000CE79F /* FirstTasteTestViewController.swift in Sources */,
				5E2219562C69D5E7005849FB /* ChooseTasteViewController.swift in Sources */,
				1F8F99F82C6F52C600EAEF6C /* WineSearchResponse.swift in Sources */,
				165400F62C69EF89008A9DBF /* WineNewsRequest.swift in Sources */,
				5E2219552C69D5E7005849FB /* CustomSlider.swift in Sources */,
				1654010B2C6BACDC008A9DBF /* SelectionManager.swift in Sources */,
				16752F9D2C5A7FB90001907D /* HexCode.swift in Sources */,
				1F598F0B2C5CBD9E000CE79F /* EnterTasteTestViewController.swift in Sources */,
				1F8F99FA2C6F538300EAEF6C /* WineInfoResponse.swift in Sources */,
				5E22196E2C6B2EA0005849FB /* RatingViewController.swift in Sources */,
				1F205A432C6B66EB00E80659 /* TasteTestThirdCollectionViewCell.swift in Sources */,
				1FBD19572C6DDBAB005C16A8 /* ReviewListCollectionViewCell.swift in Sources */,
				5E23147F2C5901BB004E2013 /* (null) in Sources */,
				16B97D162C4C0F6400D8B453 /* SavingVideoViewController.swift in Sources */,
				165400F82C69EFBD008A9DBF /* WineNewsResponse.swift in Sources */,
				165400E92C69DDCB008A9DBF /* WineClassAPI.swift in Sources */,
				1F598EEA2C5227C5000CE79F /* AdImageCollectionViewCell.swift in Sources */,
				1F205A412C6B540600E80659 /* TasteTestSecondCollectionViewCell.swift in Sources */,
				5E2219542C69D5E7005849FB /* NoteListViewController.swift in Sources */,
				1F8DE5772C4D4ED800961A59 /* MainTabBarViewController.swift in Sources */,
				1F598EFD2C58150E000CE79F /* JoinViewController.swift in Sources */,
				165400E32C69D6B9008A9DBF /* CallMoyaExample.swift in Sources */,
				165400E72C69DDBE008A9DBF /* TastingNoteAPI.swift in Sources */,
				16B97CEC2C4BF37E00D8B453 /* Constant.swift in Sources */,
				16B97D182C4C0F6E00D8B453 /* SearchVideoViewController.swift in Sources */,
				1F598EEC2C524D2E000CE79F /* RecomCollectionViewCell.swift in Sources */,
				1F8F99F52C6F40F400EAEF6C /* APIResponseWineSearchResponse.swift in Sources */,
				165401072C6BA5D8008A9DBF /* MemberInfoRequest.swift in Sources */,
				1F205A372C6A71BC00E80659 /* APIResponseLoginResponse.swift in Sources */,
				165400FA2C69F15D008A9DBF /* APIResponseWineNewsResponse.swift in Sources */,
				1F205A452C6B707C00E80659 /* WhatsURNameViewController.swift in Sources */,
				5E2219582C69D5E7005849FB /* PolygonChartView.swift in Sources */,
				16B97D002C4BFC7300D8B453 /* ShoppingCartListViewController.swift in Sources */,
				5E2219432C69D5D0005849FB /* ModalViewController.swift in Sources */,
				165400FC2C69F1A3008A9DBF /* WineClassRequest.swift in Sources */,
				165401002C69F251008A9DBF /* WineClassResponse.swift in Sources */,
				5E2219482C69D5D0005849FB /* CommunityListViewController.swift in Sources */,
				5E2219492C69D5D0005849FB /* CommunityMainViewController.swift in Sources */,
				16B97CD42C4BEB0900D8B453 /* AppDelegate.swift in Sources */,
				165400F12C69DE22008A9DBF /* CommunityAPI.swift in Sources */,
				1F598F112C5CBE7A000CE79F /* SecondTasteTestViewController.swift in Sources */,
				5E2219592C69D5E7005849FB /* AddNewNoteViewController.swift in Sources */,
				5E22195A2C69D5E7005849FB /* CustomSuggestionCell.swift in Sources */,
				5E2219462C69D5D0005849FB /* SearchCommunityViewController.swift in Sources */,
				165400F32C69DE2D008A9DBF /* CommentsAPI.swift in Sources */,
				16B97CD62C4BEB0900D8B453 /* SceneDelegate.swift in Sources */,
				16B97D082C4C0D8100D8B453 /* WineOrderViewController.swift in Sources */,
				1F205A3B2C6B343300E80659 /* ThirdNationTasteTestViewController.swift in Sources */,
				1F8F99FC2C6F53A300EAEF6C /* APIResponseWineInfoResponse.swift in Sources */,
				1FBD19532C6CFABB005C16A8 /* WineShopListCollectionViewCell.swift in Sources */,
				1F3CEAD62C669FD2002A4BC0 /* WineListCollectionViewCell.swift in Sources */,
				165401042C69FA13008A9DBF /* APIResponseString.swift in Sources */,
				165400E12C69D6B9008A9DBF /* BasicAPI.swift in Sources */,
				165400E52C69DDB6008A9DBF /* LoginAPI.swift in Sources */,
				5E2219412C69D5D0005849FB /* CustomTableViewCell.swift in Sources */,
				1F598F012C581573000CE79F /* LoginViewController.swift in Sources */,
				5E2219422C69D5D0005849FB /* CustomCommentsCollectionView.swift in Sources */,
				16B97D122C4C0F2400D8B453 /* WineClassMainViewController.swift in Sources */,
				1F205A3F2C6B37BF00E80659 /* TasteTestFirstCollectionViewCell.swift in Sources */,
				165400EB2C69DDD9008A9DBF /* WineClassBookmarkAPI.swift in Sources */,
				1F205A312C68BB5200E80659 /* CartListCollectionViewCell.swift in Sources */,
				5E2219372C69D5AE005849FB /* UIColorToHexCode.swift in Sources */,
				165401092C6BA644008A9DBF /* MemberInfoAPI.swift in Sources */,
				16B97D062C4C0CF800D8B453 /* WineStoreListViewController.swift in Sources */,
				1F598EFF2C58151B000CE79F /* SelectLoginViewController.swift in Sources */,
				16B97CFE2C4BFC2300D8B453 /* HomeViewController.swift in Sources */,
				1F205A332C69FE9800E80659 /* JoinNLoginRequest.swift in Sources */,
				1F205A3D2C6B34A300E80659 /* ThirdVarietyTasteTestViewController.swift in Sources */,
				1FBD19552C6D2BF7005C16A8 /* ReviewListViewController.swift in Sources */,
				1F8DE5792C4D5A4D00961A59 /* SettingMainController.swift in Sources */,
				165400ED2C69DDF2008A9DBF /* WineNewsAPI.swift in Sources */,
				5E2219532C69D5E7005849FB /* NoteInfoViewController.swift in Sources */,
				165400FE2C69F218008A9DBF /* APIResponseWineClassResponse.swift in Sources */,
				16B97D142C4C0F4100D8B453 /* ClassVideoViewController.swift in Sources */,
				1F598F032C581A7D000CE79F /* StartLoginCollectionViewCell.swift in Sources */,
				5E2219452C69D5D0005849FB /* CommunityInfoViewController.swift in Sources */,
				1F598EFB2C5814F9000CE79F /* EnterLoginViewController.swift in Sources */,
				1F8F99F32C6F386B00EAEF6C /* SearchAPI.swift in Sources */,
				16B97D022C4BFC9800D8B453 /* SearchHomeViewController.swift in Sources */,
				5E2219732C6B661A005849FB /* CheckNoteViewController.swift in Sources */,
				5E2219442C69D5D0005849FB /* CreateNewCommViewController.swift in Sources */,
				5E2219472C69D5D0005849FB /* CustomCollectionViewCell.swift in Sources */,
				5E22195B2C69D5E7005849FB /* WriteNoteViewController.swift in Sources */,
				165400EF2C69DDFF008A9DBF /* WineNewsBookmarkAPI.swift in Sources */,
			);
			runOnlyForDeploymentPostprocessing = 0;
		};
/* End PBXSourcesBuildPhase section */

/* Begin PBXVariantGroup section */
		16B97CDE2C4BEB0A00D8B453 /* LaunchScreen.storyboard */ = {
			isa = PBXVariantGroup;
			children = (
				16B97CDF2C4BEB0A00D8B453 /* Base */,
			);
			name = LaunchScreen.storyboard;
			sourceTree = "<group>";
		};
/* End PBXVariantGroup section */

/* Begin XCBuildConfiguration section */
		16B97CE22C4BEB0A00D8B453 /* Debug */ = {
			isa = XCBuildConfiguration;
			buildSettings = {
				ALWAYS_SEARCH_USER_PATHS = NO;
				ASSETCATALOG_COMPILER_GENERATE_SWIFT_ASSET_SYMBOL_EXTENSIONS = YES;
				CLANG_ANALYZER_NONNULL = YES;
				CLANG_ANALYZER_NUMBER_OBJECT_CONVERSION = YES_AGGRESSIVE;
				CLANG_CXX_LANGUAGE_STANDARD = "gnu++20";
				CLANG_ENABLE_MODULES = YES;
				CLANG_ENABLE_OBJC_ARC = YES;
				CLANG_ENABLE_OBJC_WEAK = YES;
				CLANG_WARN_BLOCK_CAPTURE_AUTORELEASING = YES;
				CLANG_WARN_BOOL_CONVERSION = YES;
				CLANG_WARN_COMMA = YES;
				CLANG_WARN_CONSTANT_CONVERSION = YES;
				CLANG_WARN_DEPRECATED_OBJC_IMPLEMENTATIONS = YES;
				CLANG_WARN_DIRECT_OBJC_ISA_USAGE = YES_ERROR;
				CLANG_WARN_DOCUMENTATION_COMMENTS = YES;
				CLANG_WARN_EMPTY_BODY = YES;
				CLANG_WARN_ENUM_CONVERSION = YES;
				CLANG_WARN_INFINITE_RECURSION = YES;
				CLANG_WARN_INT_CONVERSION = YES;
				CLANG_WARN_NON_LITERAL_NULL_CONVERSION = YES;
				CLANG_WARN_OBJC_IMPLICIT_RETAIN_SELF = YES;
				CLANG_WARN_OBJC_LITERAL_CONVERSION = YES;
				CLANG_WARN_OBJC_ROOT_CLASS = YES_ERROR;
				CLANG_WARN_QUOTED_INCLUDE_IN_FRAMEWORK_HEADER = YES;
				CLANG_WARN_RANGE_LOOP_ANALYSIS = YES;
				CLANG_WARN_STRICT_PROTOTYPES = YES;
				CLANG_WARN_SUSPICIOUS_MOVE = YES;
				CLANG_WARN_UNGUARDED_AVAILABILITY = YES_AGGRESSIVE;
				CLANG_WARN_UNREACHABLE_CODE = YES;
				CLANG_WARN__DUPLICATE_METHOD_MATCH = YES;
				COPY_PHASE_STRIP = NO;
				DEBUG_INFORMATION_FORMAT = dwarf;
				ENABLE_STRICT_OBJC_MSGSEND = YES;
				ENABLE_TESTABILITY = YES;
				ENABLE_USER_SCRIPT_SANDBOXING = YES;
				GCC_C_LANGUAGE_STANDARD = gnu17;
				GCC_DYNAMIC_NO_PIC = NO;
				GCC_NO_COMMON_BLOCKS = YES;
				GCC_OPTIMIZATION_LEVEL = 0;
				GCC_PREPROCESSOR_DEFINITIONS = (
					"DEBUG=1",
					"$(inherited)",
				);
				GCC_WARN_64_TO_32_BIT_CONVERSION = YES;
				GCC_WARN_ABOUT_RETURN_TYPE = YES_ERROR;
				GCC_WARN_UNDECLARED_SELECTOR = YES;
				GCC_WARN_UNINITIALIZED_AUTOS = YES_AGGRESSIVE;
				GCC_WARN_UNUSED_FUNCTION = YES;
				GCC_WARN_UNUSED_VARIABLE = YES;
				IPHONEOS_DEPLOYMENT_TARGET = 17.5;
				LOCALIZATION_PREFERS_STRING_CATALOGS = YES;
				MTL_ENABLE_DEBUG_INFO = INCLUDE_SOURCE;
				MTL_FAST_MATH = YES;
				ONLY_ACTIVE_ARCH = YES;
				SDKROOT = iphoneos;
				SWIFT_ACTIVE_COMPILATION_CONDITIONS = "DEBUG $(inherited)";
				SWIFT_OPTIMIZATION_LEVEL = "-Onone";
			};
			name = Debug;
		};
		16B97CE32C4BEB0A00D8B453 /* Release */ = {
			isa = XCBuildConfiguration;
			buildSettings = {
				ALWAYS_SEARCH_USER_PATHS = NO;
				ASSETCATALOG_COMPILER_GENERATE_SWIFT_ASSET_SYMBOL_EXTENSIONS = YES;
				CLANG_ANALYZER_NONNULL = YES;
				CLANG_ANALYZER_NUMBER_OBJECT_CONVERSION = YES_AGGRESSIVE;
				CLANG_CXX_LANGUAGE_STANDARD = "gnu++20";
				CLANG_ENABLE_MODULES = YES;
				CLANG_ENABLE_OBJC_ARC = YES;
				CLANG_ENABLE_OBJC_WEAK = YES;
				CLANG_WARN_BLOCK_CAPTURE_AUTORELEASING = YES;
				CLANG_WARN_BOOL_CONVERSION = YES;
				CLANG_WARN_COMMA = YES;
				CLANG_WARN_CONSTANT_CONVERSION = YES;
				CLANG_WARN_DEPRECATED_OBJC_IMPLEMENTATIONS = YES;
				CLANG_WARN_DIRECT_OBJC_ISA_USAGE = YES_ERROR;
				CLANG_WARN_DOCUMENTATION_COMMENTS = YES;
				CLANG_WARN_EMPTY_BODY = YES;
				CLANG_WARN_ENUM_CONVERSION = YES;
				CLANG_WARN_INFINITE_RECURSION = YES;
				CLANG_WARN_INT_CONVERSION = YES;
				CLANG_WARN_NON_LITERAL_NULL_CONVERSION = YES;
				CLANG_WARN_OBJC_IMPLICIT_RETAIN_SELF = YES;
				CLANG_WARN_OBJC_LITERAL_CONVERSION = YES;
				CLANG_WARN_OBJC_ROOT_CLASS = YES_ERROR;
				CLANG_WARN_QUOTED_INCLUDE_IN_FRAMEWORK_HEADER = YES;
				CLANG_WARN_RANGE_LOOP_ANALYSIS = YES;
				CLANG_WARN_STRICT_PROTOTYPES = YES;
				CLANG_WARN_SUSPICIOUS_MOVE = YES;
				CLANG_WARN_UNGUARDED_AVAILABILITY = YES_AGGRESSIVE;
				CLANG_WARN_UNREACHABLE_CODE = YES;
				CLANG_WARN__DUPLICATE_METHOD_MATCH = YES;
				COPY_PHASE_STRIP = NO;
				DEBUG_INFORMATION_FORMAT = "dwarf-with-dsym";
				ENABLE_NS_ASSERTIONS = NO;
				ENABLE_STRICT_OBJC_MSGSEND = YES;
				ENABLE_USER_SCRIPT_SANDBOXING = YES;
				GCC_C_LANGUAGE_STANDARD = gnu17;
				GCC_NO_COMMON_BLOCKS = YES;
				GCC_WARN_64_TO_32_BIT_CONVERSION = YES;
				GCC_WARN_ABOUT_RETURN_TYPE = YES_ERROR;
				GCC_WARN_UNDECLARED_SELECTOR = YES;
				GCC_WARN_UNINITIALIZED_AUTOS = YES_AGGRESSIVE;
				GCC_WARN_UNUSED_FUNCTION = YES;
				GCC_WARN_UNUSED_VARIABLE = YES;
				IPHONEOS_DEPLOYMENT_TARGET = 17.5;
				LOCALIZATION_PREFERS_STRING_CATALOGS = YES;
				MTL_ENABLE_DEBUG_INFO = NO;
				MTL_FAST_MATH = YES;
				SDKROOT = iphoneos;
				SWIFT_COMPILATION_MODE = wholemodule;
				VALIDATE_PRODUCT = YES;
			};
			name = Release;
		};
		16B97CE52C4BEB0A00D8B453 /* Debug */ = {
			isa = XCBuildConfiguration;
			buildSettings = {
				ASSETCATALOG_COMPILER_APPICON_NAME = AppIcon;
				ASSETCATALOG_COMPILER_GLOBAL_ACCENT_COLOR_NAME = AccentColor;
				CODE_SIGN_STYLE = Automatic;
				CURRENT_PROJECT_VERSION = 1;
				DEVELOPMENT_TEAM = 83K577A944;
				GENERATE_INFOPLIST_FILE = YES;
				INFOPLIST_FILE = "Drink-EG/Info.plist";
				INFOPLIST_KEY_UIApplicationSupportsIndirectInputEvents = YES;
				INFOPLIST_KEY_UILaunchStoryboardName = LaunchScreen;
				INFOPLIST_KEY_UISupportedInterfaceOrientations_iPad = "UIInterfaceOrientationPortrait UIInterfaceOrientationPortraitUpsideDown UIInterfaceOrientationLandscapeLeft UIInterfaceOrientationLandscapeRight";
				INFOPLIST_KEY_UISupportedInterfaceOrientations_iPhone = "UIInterfaceOrientationPortrait UIInterfaceOrientationLandscapeLeft UIInterfaceOrientationLandscapeRight";
				LD_RUNPATH_SEARCH_PATHS = (
					"$(inherited)",
					"@executable_path/Frameworks",
				);
				MARKETING_VERSION = 1.0;
				PRODUCT_BUNDLE_IDENTIFIER = "doyeonkim.Drink-EG";
				PRODUCT_NAME = "$(TARGET_NAME)";
				SWIFT_EMIT_LOC_STRINGS = YES;
				SWIFT_VERSION = 5.0;
				TARGETED_DEVICE_FAMILY = "1,2";
			};
			name = Debug;
		};
		16B97CE62C4BEB0A00D8B453 /* Release */ = {
			isa = XCBuildConfiguration;
			buildSettings = {
				ASSETCATALOG_COMPILER_APPICON_NAME = AppIcon;
				ASSETCATALOG_COMPILER_GLOBAL_ACCENT_COLOR_NAME = AccentColor;
				CODE_SIGN_STYLE = Automatic;
				CURRENT_PROJECT_VERSION = 1;
				DEVELOPMENT_TEAM = 83K577A944;
				GENERATE_INFOPLIST_FILE = YES;
				INFOPLIST_FILE = "Drink-EG/Info.plist";
				INFOPLIST_KEY_UIApplicationSupportsIndirectInputEvents = YES;
				INFOPLIST_KEY_UILaunchStoryboardName = LaunchScreen;
				INFOPLIST_KEY_UISupportedInterfaceOrientations_iPad = "UIInterfaceOrientationPortrait UIInterfaceOrientationPortraitUpsideDown UIInterfaceOrientationLandscapeLeft UIInterfaceOrientationLandscapeRight";
				INFOPLIST_KEY_UISupportedInterfaceOrientations_iPhone = "UIInterfaceOrientationPortrait UIInterfaceOrientationLandscapeLeft UIInterfaceOrientationLandscapeRight";
				LD_RUNPATH_SEARCH_PATHS = (
					"$(inherited)",
					"@executable_path/Frameworks",
				);
				MARKETING_VERSION = 1.0;
				PRODUCT_BUNDLE_IDENTIFIER = "doyeonkim.Drink-EG";
				PRODUCT_NAME = "$(TARGET_NAME)";
				SWIFT_EMIT_LOC_STRINGS = YES;
				SWIFT_VERSION = 5.0;
				TARGETED_DEVICE_FAMILY = "1,2";
			};
			name = Release;
		};
/* End XCBuildConfiguration section */

/* Begin XCConfigurationList section */
		16B97CCB2C4BEB0900D8B453 /* Build configuration list for PBXProject "Drink-EG" */ = {
			isa = XCConfigurationList;
			buildConfigurations = (
				16B97CE22C4BEB0A00D8B453 /* Debug */,
				16B97CE32C4BEB0A00D8B453 /* Release */,
			);
			defaultConfigurationIsVisible = 0;
			defaultConfigurationName = Release;
		};
		16B97CE42C4BEB0A00D8B453 /* Build configuration list for PBXNativeTarget "Drink-EG" */ = {
			isa = XCConfigurationList;
			buildConfigurations = (
				16B97CE52C4BEB0A00D8B453 /* Debug */,
				16B97CE62C4BEB0A00D8B453 /* Release */,
			);
			defaultConfigurationIsVisible = 0;
			defaultConfigurationName = Release;
		};
/* End XCConfigurationList section */

/* Begin XCRemoteSwiftPackageReference section */
		5E22195C2C69DDB5005849FB /* XCRemoteSwiftPackageReference "SnapKit" */ = {
			isa = XCRemoteSwiftPackageReference;
			repositoryURL = "https://github.com/SnapKit/SnapKit.git";
			requirement = {
				kind = upToNextMajorVersion;
				minimumVersion = 5.7.1;
			};
		};
		5E22195F2C69DDBF005849FB /* XCRemoteSwiftPackageReference "Alamofire" */ = {
			isa = XCRemoteSwiftPackageReference;
			repositoryURL = "https://github.com/Alamofire/Alamofire.git";
			requirement = {
				kind = upToNextMajorVersion;
				minimumVersion = 5.9.1;
			};
		};
		5E2219622C69DE43005849FB /* XCRemoteSwiftPackageReference "Moya" */ = {
			isa = XCRemoteSwiftPackageReference;
			repositoryURL = "https://github.com/Moya/Moya.git";
			requirement = {
				kind = upToNextMajorVersion;
				minimumVersion = 15.0.3;
			};
		};
		5E2219652C69DE78005849FB /* XCRemoteSwiftPackageReference "kakao-ios-sdk" */ = {
			isa = XCRemoteSwiftPackageReference;
			repositoryURL = "https://github.com/kakao/kakao-ios-sdk.git";
			requirement = {
				kind = upToNextMajorVersion;
				minimumVersion = 2.22.5;
			};
		};
		5E2219682C69DEEA005849FB /* XCRemoteSwiftPackageReference "Toast-Swift" */ = {
			isa = XCRemoteSwiftPackageReference;
			repositoryURL = "https://github.com/scalessec/Toast-Swift.git";
			requirement = {
				kind = upToNextMajorVersion;
				minimumVersion = 5.1.1;
			};
		};
		5E22196F2C6B5B5B005849FB /* XCRemoteSwiftPackageReference "Cosmos" */ = {
			isa = XCRemoteSwiftPackageReference;
			repositoryURL = "https://github.com/evgenyneu/Cosmos";
			requirement = {
				kind = upToNextMajorVersion;
				minimumVersion = 25.0.1;
			};
		};
		5E2219792C6BB56F005849FB /* XCRemoteSwiftPackageReference "SDWebImage" */ = {
			isa = XCRemoteSwiftPackageReference;
			repositoryURL = "https://github.com/SDWebImage/SDWebImage.git";
			requirement = {
				kind = upToNextMajorVersion;
				minimumVersion = 5.19.6;
			};
		};
/* End XCRemoteSwiftPackageReference section */

/* Begin XCSwiftPackageProductDependency section */
		5E22195D2C69DDB5005849FB /* SnapKit */ = {
			isa = XCSwiftPackageProductDependency;
			package = 5E22195C2C69DDB5005849FB /* XCRemoteSwiftPackageReference "SnapKit" */;
			productName = SnapKit;
		};
		5E2219602C69DDBF005849FB /* Alamofire */ = {
			isa = XCSwiftPackageProductDependency;
			package = 5E22195F2C69DDBF005849FB /* XCRemoteSwiftPackageReference "Alamofire" */;
			productName = Alamofire;
		};
		5E2219632C69DE43005849FB /* Moya */ = {
			isa = XCSwiftPackageProductDependency;
			package = 5E2219622C69DE43005849FB /* XCRemoteSwiftPackageReference "Moya" */;
			productName = Moya;
		};
		5E2219662C69DE78005849FB /* KakaoSDK */ = {
			isa = XCSwiftPackageProductDependency;
			package = 5E2219652C69DE78005849FB /* XCRemoteSwiftPackageReference "kakao-ios-sdk" */;
			productName = KakaoSDK;
		};
		5E2219692C69DEEA005849FB /* Toast */ = {
			isa = XCSwiftPackageProductDependency;
			package = 5E2219682C69DEEA005849FB /* XCRemoteSwiftPackageReference "Toast-Swift" */;
			productName = Toast;
		};
		5E2219702C6B5B5B005849FB /* Cosmos */ = {
			isa = XCSwiftPackageProductDependency;
			package = 5E22196F2C6B5B5B005849FB /* XCRemoteSwiftPackageReference "Cosmos" */;
			productName = Cosmos;
		};
		5E22197A2C6BB56F005849FB /* SDWebImage */ = {
			isa = XCSwiftPackageProductDependency;
			package = 5E2219792C6BB56F005849FB /* XCRemoteSwiftPackageReference "SDWebImage" */;
			productName = SDWebImage;
		};
		5E22197C2C6BB56F005849FB /* SDWebImageMapKit */ = {
			isa = XCSwiftPackageProductDependency;
			package = 5E2219792C6BB56F005849FB /* XCRemoteSwiftPackageReference "SDWebImage" */;
			productName = SDWebImageMapKit;
		};
/* End XCSwiftPackageProductDependency section */
	};
	rootObject = 16B97CC82C4BEB0900D8B453 /* Project object */;
}
